<?xml version="1.0" encoding="utf-8"?>
<Project ToolsVersion="4.0" xmlns="http://schemas.microsoft.com/developer/msbuild/2003">
  <ItemGroup>
    <Filter Include="Source Files">
      <UniqueIdentifier>{4FC737F1-C7A5-4376-A066-2A32D752A2FF}</UniqueIdentifier>
      <Extensions>cpp;c;cc;cxx;def;odl;idl;hpj;bat;asm;asmx</Extensions>
    </Filter>
  </ItemGroup>
  <ItemGroup>
    <ClCompile Include="about_dialog.cpp">
      <Filter>Source Files</Filter>
    </ClCompile>
    <ClCompile Include="census_document.cpp">
      <Filter>Source Files</Filter>
    </ClCompile>
    <ClCompile Include="census_view.cpp">
      <Filter>Source Files</Filter>
    </ClCompile>
    <ClCompile Include="database_document.cpp">
      <Filter>Source Files</Filter>
    </ClCompile>
    <ClCompile Include="database_view.cpp">
      <Filter>Source Files</Filter>
    </ClCompile>
    <ClCompile Include="database_view_editor.cpp">
      <Filter>Source Files</Filter>
    </ClCompile>
    <ClCompile Include="default_view.cpp">
      <Filter>Source Files</Filter>
    </ClCompile>
    <ClCompile Include="docmanager_ex.cpp">
      <Filter>Source Files</Filter>
    </ClCompile>
    <ClCompile Include="file_command_wx.cpp">
      <Filter>Source Files</Filter>
    </ClCompile>
    <ClCompile Include="gpt_document.cpp">
      <Filter>Source Files</Filter>
    </ClCompile>
    <ClCompile Include="gpt_view.cpp">
      <Filter>Source Files</Filter>
    </ClCompile>
    <ClCompile Include="icon_monger.cpp">
      <Filter>Source Files</Filter>
    </ClCompile>
    <ClCompile Include="illustration_document.cpp">
      <Filter>Source Files</Filter>
    </ClCompile>
    <ClCompile Include="illustration_view.cpp">
      <Filter>Source Files</Filter>
    </ClCompile>
    <ClCompile Include="input_sequence_entry.cpp">
      <Filter>Source Files</Filter>
    </ClCompile>
    <ClCompile Include="main_common.cpp">
      <Filter>Source Files</Filter>
    </ClCompile>
    <ClCompile Include="mec_document.cpp">
      <Filter>Source Files</Filter>
    </ClCompile>
    <ClCompile Include="mec_view.cpp">
      <Filter>Source Files</Filter>
    </ClCompile>
    <ClCompile Include="msw_workarounds.cpp">
      <Filter>Source Files</Filter>
    </ClCompile>
    <ClCompile Include="multidimgrid_any.cpp">
      <Filter>Source Files</Filter>
    </ClCompile>
    <ClCompile Include="multidimgrid_tools.cpp">
      <Filter>Source Files</Filter>
    </ClCompile>
    <ClCompile Include="mvc_controller.cpp">
      <Filter>Source Files</Filter>
    </ClCompile>
    <ClCompile Include="mvc_view.cpp">
      <Filter>Source Files</Filter>
    </ClCompile>
    <ClCompile Include="policy_document.cpp">
      <Filter>Source Files</Filter>
    </ClCompile>
    <ClCompile Include="policy_view.cpp">
      <Filter>Source Files</Filter>
    </ClCompile>
    <ClCompile Include="preferences_view.cpp">
      <Filter>Source Files</Filter>
    </ClCompile>
    <ClCompile Include="previewframe_ex.cpp">
      <Filter>Source Files</Filter>
    </ClCompile>
    <ClCompile Include="product_editor.cpp">
      <Filter>Source Files</Filter>
    </ClCompile>
    <ClCompile Include="progress_meter_wx.cpp">
      <Filter>Source Files</Filter>
    </ClCompile>
    <ClCompile Include="rounding_document.cpp">
      <Filter>Source Files</Filter>
    </ClCompile>
    <ClCompile Include="rounding_view.cpp">
      <Filter>Source Files</Filter>
    </ClCompile>
    <ClCompile Include="rounding_view_editor.cpp">
      <Filter>Source Files</Filter>
    </ClCompile>
    <ClCompile Include="single_choice_popup_menu.cpp">
      <Filter>Source Files</Filter>
    </ClCompile>
    <ClCompile Include="system_command_wx.cpp">
      <Filter>Source Files</Filter>
    </ClCompile>
    <ClCompile Include="text_doc.cpp">
      <Filter>Source Files</Filter>
    </ClCompile>
    <ClCompile Include="text_view.cpp">
      <Filter>Source Files</Filter>
    </ClCompile>
    <ClCompile Include="tier_document.cpp">
      <Filter>Source Files</Filter>
    </ClCompile>
    <ClCompile Include="tier_view.cpp">
      <Filter>Source Files</Filter>
    </ClCompile>
    <ClCompile Include="tier_view_editor.cpp">
      <Filter>Source Files</Filter>
    </ClCompile>
    <ClCompile Include="transferor.cpp">
      <Filter>Source Files</Filter>
    </ClCompile>
    <ClCompile Include="view_ex.cpp">
      <Filter>Source Files</Filter>
    </ClCompile>
    <ClCompile Include="wx_checks.cpp">
      <Filter>Source Files</Filter>
    </ClCompile>
    <ClCompile Include="wx_new.cpp">
      <Filter>Source Files</Filter>
    </ClCompile>
    <ClCompile Include="wx_utility.cpp">
      <Filter>Source Files</Filter>
    </ClCompile>
    <ClCompile Include="wx_table_generator.cpp">
      <Filter>Source Files</Filter>
    </ClCompile>
    <ClCompile Include="group_quote_pdf_gen_wx.cpp">
      <Filter>Source Files</Filter>
    </ClCompile>
  </ItemGroup>
</Project>