<?xml version="1.0" encoding="utf-8"?>
<Project ToolsVersion="4.0" xmlns="http://schemas.microsoft.com/developer/msbuild/2003">
  <ItemGroup>
    <Filter Include="Source Files">
      <UniqueIdentifier>{4FC737F1-C7A5-4376-A066-2A32D752A2FF}</UniqueIdentifier>
      <Extensions>cpp;c;cc;cxx;def;odl;idl;hpj;bat;asm;asmx</Extensions>
    </Filter>
  </ItemGroup>
  <ItemGroup>
    <ClCompile Include="actuarial_table.cpp">
      <Filter>Source Files</Filter>
    </ClCompile>
    <ClCompile Include="alert.cpp">
      <Filter>Source Files</Filter>
    </ClCompile>
    <ClCompile Include="authenticity.cpp">
      <Filter>Source Files</Filter>
    </ClCompile>
    <ClCompile Include="calendar_date.cpp">
      <Filter>Source Files</Filter>
    </ClCompile>
    <ClCompile Include="ce_product_name.cpp">
      <Filter>Source Files</Filter>
    </ClCompile>
    <ClCompile Include="commutation_functions.cpp">
      <Filter>Source Files</Filter>
    </ClCompile>
    <ClCompile Include="configurable_settings.cpp">
      <Filter>Source Files</Filter>
    </ClCompile>
    <ClCompile Include="crc32.cpp">
      <Filter>Source Files</Filter>
    </ClCompile>
    <ClCompile Include="custom_io_0.cpp">
      <Filter>Source Files</Filter>
    </ClCompile>
    <ClCompile Include="custom_io_1.cpp">
      <Filter>Source Files</Filter>
    </ClCompile>
    <ClCompile Include="data_directory.cpp">
      <Filter>Source Files</Filter>
    </ClCompile>
    <ClCompile Include="database.cpp">
      <Filter>Source Files</Filter>
    </ClCompile>
    <ClCompile Include="datum_base.cpp">
      <Filter>Source Files</Filter>
    </ClCompile>
    <ClCompile Include="datum_boolean.cpp">
      <Filter>Source Files</Filter>
    </ClCompile>
    <ClCompile Include="datum_sequence.cpp">
      <Filter>Source Files</Filter>
    </ClCompile>
    <ClCompile Include="datum_string.cpp">
      <Filter>Source Files</Filter>
    </ClCompile>
    <ClCompile Include="dbdict.cpp">
      <Filter>Source Files</Filter>
    </ClCompile>
    <ClCompile Include="dbnames.cpp">
      <Filter>Source Files</Filter>
    </ClCompile>
    <ClCompile Include="dbvalue.cpp">
      <Filter>Source Files</Filter>
    </ClCompile>
    <ClCompile Include="death_benefits.cpp">
      <Filter>Source Files</Filter>
    </ClCompile>
    <ClCompile Include="emit_ledger.cpp">
      <Filter>Source Files</Filter>
    </ClCompile>
    <ClCompile Include="facets.cpp">
      <Filter>Source Files</Filter>
    </ClCompile>
    <ClCompile Include="fenv_guard.cpp">
      <Filter>Source Files</Filter>
    </ClCompile>
    <ClCompile Include="fenv_lmi.cpp">
      <Filter>Source Files</Filter>
    </ClCompile>
    <ClCompile Include="file_command.cpp">
      <Filter>Source Files</Filter>
    </ClCompile>
    <ClCompile Include="fund_data.cpp">
      <Filter>Source Files</Filter>
    </ClCompile>
    <ClCompile Include="getopt.cpp">
      <Filter>Source Files</Filter>
    </ClCompile>
    <ClCompile Include="global_settings.cpp">
      <Filter>Source Files</Filter>
    </ClCompile>
    <ClCompile Include="gpt_input.cpp">
      <Filter>Source Files</Filter>
    </ClCompile>
    <ClCompile Include="gpt_server.cpp">
      <Filter>Source Files</Filter>
    </ClCompile>
    <ClCompile Include="gpt_specamt.cpp">
      <Filter>Source Files</Filter>
    </ClCompile>
    <ClCompile Include="gpt_state.cpp">
      <Filter>Source Files</Filter>
    </ClCompile>
    <ClCompile Include="gpt_xml_document.cpp">
      <Filter>Source Files</Filter>
    </ClCompile>
    <ClCompile Include="group_values.cpp">
      <Filter>Source Files</Filter>
    </ClCompile>
    <ClCompile Include="ihs_acctval.cpp">
      <Filter>Source Files</Filter>
    </ClCompile>
    <ClCompile Include="ihs_avdebug.cpp">
      <Filter>Source Files</Filter>
    </ClCompile>
    <ClCompile Include="ihs_avmly.cpp">
      <Filter>Source Files</Filter>
    </ClCompile>
    <ClCompile Include="ihs_avsolve.cpp">
      <Filter>Source Files</Filter>
    </ClCompile>
    <ClCompile Include="ihs_avstrtgy.cpp">
      <Filter>Source Files</Filter>
    </ClCompile>
    <ClCompile Include="ihs_basicval.cpp">
      <Filter>Source Files</Filter>
    </ClCompile>
    <ClCompile Include="ihs_irc7702.cpp">
      <Filter>Source Files</Filter>
    </ClCompile>
    <ClCompile Include="ihs_irc7702a.cpp">
      <Filter>Source Files</Filter>
    </ClCompile>
    <ClCompile Include="ihs_mortal.cpp">
      <Filter>Source Files</Filter>
    </ClCompile>
    <ClCompile Include="ihs_server7702.cpp">
      <Filter>Source Files</Filter>
    </ClCompile>
    <ClCompile Include="illustrator.cpp">
      <Filter>Source Files</Filter>
    </ClCompile>
    <ClCompile Include="input.cpp">
      <Filter>Source Files</Filter>
    </ClCompile>
    <ClCompile Include="input_harmonization.cpp">
      <Filter>Source Files</Filter>
    </ClCompile>
    <ClCompile Include="input_realization.cpp">
      <Filter>Source Files</Filter>
    </ClCompile>
    <ClCompile Include="input_sequence_aux.cpp">
      <Filter>Source Files</Filter>
    </ClCompile>
    <ClCompile Include="input_sequence.cpp">
      <Filter>Source Files</Filter>
    </ClCompile>
    <ClCompile Include="input_sequence_parser.cpp">
      <Filter>Source Files</Filter>
    </ClCompile>
    <ClCompile Include="input_xml_io.cpp">
      <Filter>Source Files</Filter>
    </ClCompile>
    <ClCompile Include="interest_rates.cpp">
      <Filter>Source Files</Filter>
    </ClCompile>
    <ClCompile Include="ledger.cpp">
      <Filter>Source Files</Filter>
    </ClCompile>
    <ClCompile Include="ledger_base.cpp">
      <Filter>Source Files</Filter>
    </ClCompile>
    <ClCompile Include="ledger_invariant.cpp">
      <Filter>Source Files</Filter>
    </ClCompile>
    <ClCompile Include="ledger_text_formats.cpp">
      <Filter>Source Files</Filter>
    </ClCompile>
    <ClCompile Include="ledger_variant.cpp">
      <Filter>Source Files</Filter>
    </ClCompile>
    <ClCompile Include="ledgervalues.cpp">
      <Filter>Source Files</Filter>
    </ClCompile>
    <ClCompile Include="license.cpp">
      <Filter>Source Files</Filter>
    </ClCompile>
    <ClCompile Include="lmi.cpp">
      <Filter>Source Files</Filter>
    </ClCompile>
    <ClCompile Include="loads.cpp">
      <Filter>Source Files</Filter>
    </ClCompile>
    <ClCompile Include="mc_enum.cpp">
      <Filter>Source Files</Filter>
    </ClCompile>
    <ClCompile Include="mc_enum_types.cpp">
      <Filter>Source Files</Filter>
    </ClCompile>
    <ClCompile Include="mc_enum_types_aux.cpp">
      <Filter>Source Files</Filter>
    </ClCompile>
    <ClCompile Include="md5.cpp">
      <Filter>Source Files</Filter>
    </ClCompile>
    <ClCompile Include="mec_input.cpp">
      <Filter>Source Files</Filter>
    </ClCompile>
    <ClCompile Include="mec_server.cpp">
      <Filter>Source Files</Filter>
    </ClCompile>
    <ClCompile Include="mec_state.cpp">
      <Filter>Source Files</Filter>
    </ClCompile>
    <ClCompile Include="mec_xml_document.cpp">
      <Filter>Source Files</Filter>
    </ClCompile>
    <ClCompile Include="miscellany.cpp">
      <Filter>Source Files</Filter>
    </ClCompile>
    <ClCompile Include="mortality_rates_fetch.cpp">
      <Filter>Source Files</Filter>
    </ClCompile>
    <ClCompile Include="multiple_cell_document.cpp">
      <Filter>Source Files</Filter>
    </ClCompile>
    <ClCompile Include="mvc_model.cpp">
      <Filter>Source Files</Filter>
    </ClCompile>
    <ClCompile Include="my_proem.cpp">
      <Filter>Source Files</Filter>
    </ClCompile>
    <ClCompile Include="name_value_pairs.cpp">
      <Filter>Source Files</Filter>
    </ClCompile>
    <ClCompile Include="null_stream.cpp">
      <Filter>Source Files</Filter>
    </ClCompile>
    <ClCompile Include="outlay.cpp">
      <Filter>Source Files</Filter>
    </ClCompile>
    <ClCompile Include="path_utility.cpp">
      <Filter>Source Files</Filter>
    </ClCompile>
    <ClCompile Include="pdf_command.cpp">
      <Filter>Source Files</Filter>
    </ClCompile>
    <ClCompile Include="preferences_model.cpp">
      <Filter>Source Files</Filter>
    </ClCompile>
    <ClCompile Include="premium_tax.cpp">
      <Filter>Source Files</Filter>
    </ClCompile>
    <ClCompile Include="product_data.cpp">
      <Filter>Source Files</Filter>
    </ClCompile>
    <ClCompile Include="progress_meter.cpp">
      <Filter>Source Files</Filter>
    </ClCompile>
    <ClCompile Include="rounding_rules.cpp">
      <Filter>Source Files</Filter>
    </ClCompile>
    <ClCompile Include="sigfpe.cpp">
      <Filter>Source Files</Filter>
    </ClCompile>
    <ClCompile Include="single_cell_document.cpp">
      <Filter>Source Files</Filter>
    </ClCompile>
    <ClCompile Include="stratified_algorithms.cpp">
      <Filter>Source Files</Filter>
    </ClCompile>
    <ClCompile Include="stratified_charges.cpp">
      <Filter>Source Files</Filter>
    </ClCompile>
    <ClCompile Include="system_command.cpp">
      <Filter>Source Files</Filter>
    </ClCompile>
    <ClCompile Include="timer.cpp">
      <Filter>Source Files</Filter>
    </ClCompile>
    <ClCompile Include="tn_range_types.cpp">
      <Filter>Source Files</Filter>
    </ClCompile>
    <ClCompile Include="xml_lmi.cpp">
      <Filter>Source Files</Filter>
    </ClCompile>
    <ClCompile Include="yare_input.cpp">
      <Filter>Source Files</Filter>
    </ClCompile>
    <ClCompile Include="group_quote_pdf_gen.cpp">
      <Filter>Source Files</Filter>
    </ClCompile>
    <ClCompile Include="ce_skin_name.cpp">
      <Filter>Source Files</Filter>
    </ClCompile>
    <ClCompile Include="main_common.cpp">
      <Filter>Source Files</Filter>
    </ClCompile>
    <ClCompile Include="financial.cpp">
      <Filter>Source Files</Filter>
    </ClCompile>
    <ClCompile Include="interpolate_string.cpp">
      <Filter>Source Files</Filter>
    </ClCompile>
    <ClCompile Include="html.cpp">
      <Filter>Source Files</Filter>
    </ClCompile>
    <ClCompile Include="ledger_evaluator.cpp">
      <Filter>Source Files</Filter>
    </ClCompile>
    <ClCompile Include="ledger_pdf.cpp">
      <Filter>Source Files</Filter>
    </ClCompile>
    <ClCompile Include="report_table.cpp">
      <Filter>Source Files</Filter>
    </ClCompile>
    <ClCompile Include="ledger_invariant_init.cpp">
      <Filter>Source Files</Filter>
    </ClCompile>
    <ClCompile Include="ledger_variant_init.cpp">
      <Filter>Source Files</Filter>
    </ClCompile>
    <ClCompile Include="verify_products.cpp">
      <Filter>Source Files</Filter>
    </ClCompile>
    <ClCompile Include="cso_table.cpp">
      <Filter>Source Files</Filter>
    </ClCompile>
    <ClCompile Include="basic_tables.cpp">
      <Filter>Source Files</Filter>
    </ClCompile>
    <ClCompile Include="dbo_rules.cpp">
      <Filter>Source Files</Filter>
    </ClCompile>
    <ClCompile Include="md5sum.cpp">
      <Filter>Source Files</Filter>
    </ClCompile>
    <ClCompile Include="unwind.cpp">
      <Filter>Source Files</Filter>
    </ClCompile>
    <ClCompile Include="lingo.cpp">
      <Filter>Source Files</Filter>
    </ClCompile>
    <ClCompile Include="i7702.cpp">
      <Filter>Source Files</Filter>
    </ClCompile>
    <ClCompile Include="i7702_init.cpp">
      <Filter>Source Files</Filter>
    </ClCompile>
    <ClCompile Include="gpt_commutation_functions.cpp">
      <Filter>Source Files</Filter>
    </ClCompile>
    <ClCompile Include="gpt7702.cpp">
      <Filter>Source Files</Filter>
    </ClCompile>
  </ItemGroup>
</Project>