Microsoft Visual Studio Solution File, Format Version 12.00
# Visual Studio Version 16
VisualStudioVersion = 16.0.29020.237
MinimumVisualStudioVersion = 10.0.40219.1
Project("{8BC9CEB8-8B4A-11D0-8D11-00A0C91BC942}") = "lmi", "lmi.vcxproj", "{30BD55A6-C40F-5756-9B7C-52B307C279E3}"
EndProject
Project("{8BC9CEB8-8B4A-11D0-8D11-00A0C91BC942}") = "libskeleton", "libskeleton.vcxproj", "{BAFF3465-DEA2-54BF-A9C7-F463CD7EBD23}"
	ProjectSection(ProjectDependencies) = postProject
		{01F4CE10-2CFB-41A8-B41F-E54337868A1D} = {01F4CE10-2CFB-41A8-B41F-E54337868A1D}
	EndProjectSection
EndProject
Project("{8BC9CEB8-8B4A-11D0-8D11-00A0C91BC942}") = "lmi_wx", "lmi_wx.vcxproj", "{B80F8C54-7B7C-5067-9288-0729FA44BDC3}"
	ProjectSection(ProjectDependencies) = postProject
		{01F4CE10-2CFB-41A8-B41F-E54337868A1D} = {01F4CE10-2CFB-41A8-B41F-E54337868A1D}
		{3E6DCA27-5FA3-53EC-BBD6-2D42294B7AE6} = {3E6DCA27-5FA3-53EC-BBD6-2D42294B7AE6}
		{8ACC122A-CA6A-5AA6-9C97-9CDD2E533DB0} = {8ACC122A-CA6A-5AA6-9C97-9CDD2E533DB0}
		{6053CC38-CDEE-584C-8BC8-4B000D800FC7} = {6053CC38-CDEE-584C-8BC8-4B000D800FC7}
		{A1A8355B-0988-528E-9CC2-B971D6266669} = {A1A8355B-0988-528E-9CC2-B971D6266669}
		{BAFF3465-DEA2-54BF-A9C7-F463CD7EBD23} = {BAFF3465-DEA2-54BF-A9C7-F463CD7EBD23}
		{09F2F96A-1CC6-5E43-AF1D-956EC2A4888D} = {09F2F96A-1CC6-5E43-AF1D-956EC2A4888D}
		{27D0067A-8534-56E2-A734-799F4A6CE894} = {27D0067A-8534-56E2-A734-799F4A6CE894}
		{8B867186-A0B5-5479-B824-E176EDD27C40} = {8B867186-A0B5-5479-B824-E176EDD27C40}
		{30BD55A6-C40F-5756-9B7C-52B307C279E3} = {30BD55A6-C40F-5756-9B7C-52B307C279E3}
		{3FCC50C2-81E9-5DB2-B8D8-2129427568B1} = {3FCC50C2-81E9-5DB2-B8D8-2129427568B1}
		{30E912D3-2B6D-5358-81F3-7CF96781F735} = {30E912D3-2B6D-5358-81F3-7CF96781F735}
		{811670D3-B094-569A-BF65-7EAED11DEC14} = {811670D3-B094-569A-BF65-7EAED11DEC14}
		{6744DAD8-9C70-574A-BFF2-9F8DDDB24A75} = {6744DAD8-9C70-574A-BFF2-9F8DDDB24A75}
		{69F2EDE4-7D21-5738-9BC0-F66F61C9AE00} = {69F2EDE4-7D21-5738-9BC0-F66F61C9AE00}
		{75596CE6-5AE7-55C9-B890-C07B0A657A83} = {75596CE6-5AE7-55C9-B890-C07B0A657A83}
		{33CC42F9-7756-5587-863C-8D4461B7C5DD} = {33CC42F9-7756-5587-863C-8D4461B7C5DD}
	EndProjectSection
EndProject
Project("{8BC9CEB8-8B4A-11D0-8D11-00A0C91BC942}") = "lmi_wx_test", "wx_test.vcxproj", "{4F54F149-E1F3-5DFE-AF57-C0C99F9C46AA}"
	ProjectSection(ProjectDependencies) = postProject
		{8ACC122A-CA6A-5AA6-9C97-9CDD2E533DB0} = {8ACC122A-CA6A-5AA6-9C97-9CDD2E533DB0}
		{6053CC38-CDEE-584C-8BC8-4B000D800FC7} = {6053CC38-CDEE-584C-8BC8-4B000D800FC7}
		{A1A8355B-0988-528E-9CC2-B971D6266669} = {A1A8355B-0988-528E-9CC2-B971D6266669}
		{BAFF3465-DEA2-54BF-A9C7-F463CD7EBD23} = {BAFF3465-DEA2-54BF-A9C7-F463CD7EBD23}
		{09F2F96A-1CC6-5E43-AF1D-956EC2A4888D} = {09F2F96A-1CC6-5E43-AF1D-956EC2A4888D}
		{27D0067A-8534-56E2-A734-799F4A6CE894} = {27D0067A-8534-56E2-A734-799F4A6CE894}
		{8B867186-A0B5-5479-B824-E176EDD27C40} = {8B867186-A0B5-5479-B824-E176EDD27C40}
		{30BD55A6-C40F-5756-9B7C-52B307C279E3} = {30BD55A6-C40F-5756-9B7C-52B307C279E3}
		{3FCC50C2-81E9-5DB2-B8D8-2129427568B1} = {3FCC50C2-81E9-5DB2-B8D8-2129427568B1}
		{30E912D3-2B6D-5358-81F3-7CF96781F735} = {30E912D3-2B6D-5358-81F3-7CF96781F735}
		{6744DAD8-9C70-574A-BFF2-9F8DDDB24A75} = {6744DAD8-9C70-574A-BFF2-9F8DDDB24A75}
		{75596CE6-5AE7-55C9-B890-C07B0A657A83} = {75596CE6-5AE7-55C9-B890-C07B0A657A83}
		{33CC42F9-7756-5587-863C-8D4461B7C5DD} = {33CC42F9-7756-5587-863C-8D4461B7C5DD}
	EndProjectSection
EndProject
Project("{8BC9CEB8-8B4A-11D0-8D11-00A0C91BC942}") = "product_files", "product_files.vcxproj", "{C5D87DF1-B576-53DB-AE3A-12A3F6E98647}"
	ProjectSection(ProjectDependencies) = postProject
		{27D0067A-8534-56E2-A734-799F4A6CE894} = {27D0067A-8534-56E2-A734-799F4A6CE894}
		{30E912D3-2B6D-5358-81F3-7CF96781F735} = {30E912D3-2B6D-5358-81F3-7CF96781F735}
	EndProjectSection
EndProject
Project("{8BC9CEB8-8B4A-11D0-8D11-00A0C91BC942}") = "rate_table_test", "rate_table_test.vcxproj", "{3823E1F3-1BDF-4CDB-85D5-D288FBEBD569}"
EndProject
Project("{8BC9CEB8-8B4A-11D0-8D11-00A0C91BC942}") = "group_quote_pdf_gen_test", "group_quote_pdf_gen_test.vcxproj", "{884D7A57-5DF6-4FD6-BDC5-F5FEAEA50CD5}"
	ProjectSection(ProjectDependencies) = postProject
		{BAFF3465-DEA2-54BF-A9C7-F463CD7EBD23} = {BAFF3465-DEA2-54BF-A9C7-F463CD7EBD23}
		{27D0067A-8534-56E2-A734-799F4A6CE894} = {27D0067A-8534-56E2-A734-799F4A6CE894}
		{30BD55A6-C40F-5756-9B7C-52B307C279E3} = {30BD55A6-C40F-5756-9B7C-52B307C279E3}
		{3FCC50C2-81E9-5DB2-B8D8-2129427568B1} = {3FCC50C2-81E9-5DB2-B8D8-2129427568B1}
		{30E912D3-2B6D-5358-81F3-7CF96781F735} = {30E912D3-2B6D-5358-81F3-7CF96781F735}
		{6744DAD8-9C70-574A-BFF2-9F8DDDB24A75} = {6744DAD8-9C70-574A-BFF2-9F8DDDB24A75}
	EndProjectSection
EndProject
Project("{8BC9CEB8-8B4A-11D0-8D11-00A0C91BC942}") = "ledger_pdf_generator_wx_test", "ledger_pdf_generator_wx_test.vcxproj", "{0099832A-53F4-4C2E-8293-9C023284874D}"
	ProjectSection(ProjectDependencies) = postProject
		{BAFF3465-DEA2-54BF-A9C7-F463CD7EBD23} = {BAFF3465-DEA2-54BF-A9C7-F463CD7EBD23}
		{27D0067A-8534-56E2-A734-799F4A6CE894} = {27D0067A-8534-56E2-A734-799F4A6CE894}
		{30BD55A6-C40F-5756-9B7C-52B307C279E3} = {30BD55A6-C40F-5756-9B7C-52B307C279E3}
		{3FCC50C2-81E9-5DB2-B8D8-2129427568B1} = {3FCC50C2-81E9-5DB2-B8D8-2129427568B1}
		{30E912D3-2B6D-5358-81F3-7CF96781F735} = {30E912D3-2B6D-5358-81F3-7CF96781F735}
		{6744DAD8-9C70-574A-BFF2-9F8DDDB24A75} = {6744DAD8-9C70-574A-BFF2-9F8DDDB24A75}
	EndProjectSection
EndProject
Project("{8BC9CEB8-8B4A-11D0-8D11-00A0C91BC942}") = "test_coding_rules", "test_coding_rules.vcxproj", "{CBFFFF79-193C-48C9-A5A9-09C67791149B}"
EndProject
Project("{8BC9CEB8-8B4A-11D0-8D11-00A0C91BC942}") = "rate_table_tool", "rate_table_tool.vcxproj", "{6384AC77-7C1D-4240-A607-274D097DF25F}"
EndProject
Project("{2150E333-8FDC-42A3-9474-1A3956D46DE8}") = "3rdparty", "3rdparty", "{529F7D22-C02B-4757-94DB-F6E14657FF5F}"
EndProject
Project("{2150E333-8FDC-42A3-9474-1A3956D46DE8}") = "tests", "tests", "{C36D09C6-A73C-41B6-9569-F00EAFE7BD62}"
EndProject
Project("{2150E333-8FDC-42A3-9474-1A3956D46DE8}") = "tools", "tools", "{6B45A524-5052-456D-A24E-09D5E09C385C}"
EndProject
Project("{8BC9CEB8-8B4A-11D0-8D11-00A0C91BC942}") = "base", "third_party\wx\build\msw\wx_base.vcxproj", "{3FCC50C2-81E9-5DB2-B8D8-2129427568B1}"
	ProjectSection(ProjectDependencies) = postProject
		{01F4CE10-2CFB-41A8-B41F-E54337868A1D} = {01F4CE10-2CFB-41A8-B41F-E54337868A1D}
	EndProjectSection
EndProject
Project("{8BC9CEB8-8B4A-11D0-8D11-00A0C91BC942}") = "core", "third_party\wx\build\msw\wx_core.vcxproj", "{6744DAD8-9C70-574A-BFF2-9F8DDDB24A75}"
	ProjectSection(ProjectDependencies) = postProject
		{01F4CE10-2CFB-41A8-B41F-E54337868A1D} = {01F4CE10-2CFB-41A8-B41F-E54337868A1D}
	EndProjectSection
EndProject
Project("{8BC9CEB8-8B4A-11D0-8D11-00A0C91BC942}") = "xrc", "third_party\wx\build\msw\wx_xrc.vcxproj", "{09F2F96A-1CC6-5E43-AF1D-956EC2A4888D}"
	ProjectSection(ProjectDependencies) = postProject
		{01F4CE10-2CFB-41A8-B41F-E54337868A1D} = {01F4CE10-2CFB-41A8-B41F-E54337868A1D}
		{3E6DCA27-5FA3-53EC-BBD6-2D42294B7AE6} = {3E6DCA27-5FA3-53EC-BBD6-2D42294B7AE6}
	EndProjectSection
EndProject
Project("{8BC9CEB8-8B4A-11D0-8D11-00A0C91BC942}") = "html", "third_party\wx\build\msw\wx_html.vcxproj", "{33CC42F9-7756-5587-863C-8D4461B7C5DD}"
	ProjectSection(ProjectDependencies) = postProject
		{01F4CE10-2CFB-41A8-B41F-E54337868A1D} = {01F4CE10-2CFB-41A8-B41F-E54337868A1D}
	EndProjectSection
EndProject
Project("{8BC9CEB8-8B4A-11D0-8D11-00A0C91BC942}") = "_custom_build", "third_party\wx\build\msw\wx_custom_build.vcxproj", "{01F4CE10-2CFB-41A8-B41F-E54337868A1D}"
EndProject
Project("{8BC9CEB8-8B4A-11D0-8D11-00A0C91BC942}") = "wxexpat", "third_party\wx\build\msw\wx_wxexpat.vcxproj", "{A1A8355B-0988-528E-9CC2-B971D6266669}"
	ProjectSection(ProjectDependencies) = postProject
		{01F4CE10-2CFB-41A8-B41F-E54337868A1D} = {01F4CE10-2CFB-41A8-B41F-E54337868A1D}
	EndProjectSection
EndProject
Project("{8BC9CEB8-8B4A-11D0-8D11-00A0C91BC942}") = "wxpng", "third_party\wx\build\msw\wx_wxpng.vcxproj", "{8ACC122A-CA6A-5AA6-9C97-9CDD2E533DB0}"
	ProjectSection(ProjectDependencies) = postProject
		{01F4CE10-2CFB-41A8-B41F-E54337868A1D} = {01F4CE10-2CFB-41A8-B41F-E54337868A1D}
	EndProjectSection
EndProject
Project("{8BC9CEB8-8B4A-11D0-8D11-00A0C91BC942}") = "pdfdoc", "third_party\wxpdfdoc\build\wxpdfdoc.vcxproj", "{811670D3-B094-569A-BF65-7EAED11DEC14}"
	ProjectSection(ProjectDependencies) = postProject
		{01F4CE10-2CFB-41A8-B41F-E54337868A1D} = {01F4CE10-2CFB-41A8-B41F-E54337868A1D}
	EndProjectSection
EndProject
Project("{8BC9CEB8-8B4A-11D0-8D11-00A0C91BC942}") = "xmlwrapp", "third_party\xmlwrapp\platform\Win32\VC142\xmlwrapp.vcxproj", "{27D0067A-8534-56E2-A734-799F4A6CE894}"
EndProject
Project("{8BC9CEB8-8B4A-11D0-8D11-00A0C91BC942}") = "xsltwrapp", "third_party\xmlwrapp\platform\Win32\VC142\xsltwrapp.vcxproj", "{30E912D3-2B6D-5358-81F3-7CF96781F735}"
EndProject
Project("{8BC9CEB8-8B4A-11D0-8D11-00A0C91BC942}") = "interpolate_string_test", "interpolate_string_test.vcxproj", "{684765B4-9ACC-4211-B399-A768A9EB9B86}"
EndProject
Project("{8BC9CEB8-8B4A-11D0-8D11-00A0C91BC942}") = "stream_cast_test", "stream_cast_test.vcxproj", "{08A715D4-9DF0-4460-96A5-D992FCF56C9D}"
EndProject
Project("{8BC9CEB8-8B4A-11D0-8D11-00A0C91BC942}") = "generate_passkey", "generate_passkey.vcxproj", "{22A78190-F3C1-4C37-9289-43FA8171CFF8}"
EndProject
Project("{8BC9CEB8-8B4A-11D0-8D11-00A0C91BC942}") = "xml", "third_party\wx\build\msw\wx_xml.vcxproj", "{3E6DCA27-5FA3-53EC-BBD6-2D42294B7AE6}"
	ProjectSection(ProjectDependencies) = postProject
		{01F4CE10-2CFB-41A8-B41F-E54337868A1D} = {01F4CE10-2CFB-41A8-B41F-E54337868A1D}
	EndProjectSection
EndProject
Project("{8BC9CEB8-8B4A-11D0-8D11-00A0C91BC942}") = "wxjpeg", "third_party\wx\build\msw\wx_wxjpeg.vcxproj", "{6053CC38-CDEE-584C-8BC8-4B000D800FC7}"
	ProjectSection(ProjectDependencies) = postProject
		{01F4CE10-2CFB-41A8-B41F-E54337868A1D} = {01F4CE10-2CFB-41A8-B41F-E54337868A1D}
	EndProjectSection
EndProject
Project("{8BC9CEB8-8B4A-11D0-8D11-00A0C91BC942}") = "wxtiff", "third_party\wx\build\msw\wx_wxtiff.vcxproj", "{75596CE6-5AE7-55C9-B890-C07B0A657A83}"
	ProjectSection(ProjectDependencies) = postProject
		{01F4CE10-2CFB-41A8-B41F-E54337868A1D} = {01F4CE10-2CFB-41A8-B41F-E54337868A1D}
	EndProjectSection
EndProject
Project("{8BC9CEB8-8B4A-11D0-8D11-00A0C91BC942}") = "wxzlib", "third_party\wx\build\msw\wx_wxzlib.vcxproj", "{8B867186-A0B5-5479-B824-E176EDD27C40}"
	ProjectSection(ProjectDependencies) = postProject
		{01F4CE10-2CFB-41A8-B41F-E54337868A1D} = {01F4CE10-2CFB-41A8-B41F-E54337868A1D}
	EndProjectSection
EndProject
Project("{8BC9CEB8-8B4A-11D0-8D11-00A0C91BC942}") = "net", "third_party\wx\build\msw\wx_net.vcxproj", "{69F2EDE4-7D21-5738-9BC0-F66F61C9AE00}"
EndProject
Project("{8BC9CEB8-8B4A-11D0-8D11-00A0C91BC942}") = "libxml2", "third_party\libxml2\libxml2.vcxproj", "{ECE37368-83BE-5185-8B2D-616614BDBC85}"
EndProject
Project("{8BC9CEB8-8B4A-11D0-8D11-00A0C91BC942}") = "libxslt", "third_party\libxslt\libxslt.vcxproj", "{E57D0B5F-C061-47B8-B08B-FBBD73048EB5}"
	ProjectSection(ProjectDependencies) = postProject
		{ECE37368-83BE-5185-8B2D-616614BDBC85} = {ECE37368-83BE-5185-8B2D-616614BDBC85}
	EndProjectSection
EndProject
Project("{8BC9CEB8-8B4A-11D0-8D11-00A0C91BC942}") = "libexslt", "third_party\libxslt\libexslt.vcxproj", "{3A0EC959-E97B-4B57-B019-A3B1BC312ED9}"
	ProjectSection(ProjectDependencies) = postProject
		{E57D0B5F-C061-47B8-B08B-FBBD73048EB5} = {E57D0B5F-C061-47B8-B08B-FBBD73048EB5}
	EndProjectSection
EndProject
Global
	GlobalSection(SolutionConfigurationPlatforms) = preSolution
		Debug|Win32 = Debug|Win32
		Debug|x64 = Debug|x64
		DebugStatic|Win32 = DebugStatic|Win32
		DebugStatic|x64 = DebugStatic|x64
		DLL Debug|Win32 = DLL Debug|Win32
		DLL Debug|x64 = DLL Debug|x64
		DLL Release|Win32 = DLL Release|Win32
		DLL Release|x64 = DLL Release|x64
		Release|Win32 = Release|Win32
		Release|x64 = Release|x64
		ReleaseStatic|Win32 = ReleaseStatic|Win32
		ReleaseStatic|x64 = ReleaseStatic|x64
	EndGlobalSection
	GlobalSection(ProjectConfigurationPlatforms) = postSolution
		{30BD55A6-C40F-5756-9B7C-52B307C279E3}.Debug|Win32.ActiveCfg = Debug|Win32
		{30BD55A6-C40F-5756-9B7C-52B307C279E3}.Debug|Win32.Build.0 = Debug|Win32
		{30BD55A6-C40F-5756-9B7C-52B307C279E3}.Debug|x64.ActiveCfg = Debug|x64
		{30BD55A6-C40F-5756-9B7C-52B307C279E3}.DebugStatic|Win32.ActiveCfg = Debug|Win32
		{30BD55A6-C40F-5756-9B7C-52B307C279E3}.DebugStatic|Win32.Build.0 = Debug|Win32
		{30BD55A6-C40F-5756-9B7C-52B307C279E3}.DebugStatic|x64.ActiveCfg = Debug|x64
		{30BD55A6-C40F-5756-9B7C-52B307C279E3}.DebugStatic|x64.Build.0 = Debug|x64
		{30BD55A6-C40F-5756-9B7C-52B307C279E3}.DLL Debug|Win32.ActiveCfg = DLL Debug|Win32
		{30BD55A6-C40F-5756-9B7C-52B307C279E3}.DLL Debug|Win32.Build.0 = DLL Debug|Win32
		{30BD55A6-C40F-5756-9B7C-52B307C279E3}.DLL Debug|x64.ActiveCfg = DLL Debug|Win32
		{30BD55A6-C40F-5756-9B7C-52B307C279E3}.DLL Release|Win32.ActiveCfg = DLL Release|Win32
		{30BD55A6-C40F-5756-9B7C-52B307C279E3}.DLL Release|Win32.Build.0 = DLL Release|Win32
		{30BD55A6-C40F-5756-9B7C-52B307C279E3}.DLL Release|x64.ActiveCfg = DLL Release|Win32
		{30BD55A6-C40F-5756-9B7C-52B307C279E3}.Release|Win32.ActiveCfg = Release|Win32
		{30BD55A6-C40F-5756-9B7C-52B307C279E3}.Release|Win32.Build.0 = Release|Win32
		{30BD55A6-C40F-5756-9B7C-52B307C279E3}.Release|x64.ActiveCfg = Release|Win32
		{30BD55A6-C40F-5756-9B7C-52B307C279E3}.ReleaseStatic|Win32.ActiveCfg = Release|Win32
		{30BD55A6-C40F-5756-9B7C-52B307C279E3}.ReleaseStatic|Win32.Build.0 = Release|Win32
		{30BD55A6-C40F-5756-9B7C-52B307C279E3}.ReleaseStatic|x64.ActiveCfg = Debug|x64
		{30BD55A6-C40F-5756-9B7C-52B307C279E3}.ReleaseStatic|x64.Build.0 = Debug|x64
		{BAFF3465-DEA2-54BF-A9C7-F463CD7EBD23}.Debug|Win32.ActiveCfg = Debug|Win32
		{BAFF3465-DEA2-54BF-A9C7-F463CD7EBD23}.Debug|Win32.Build.0 = Debug|Win32
		{BAFF3465-DEA2-54BF-A9C7-F463CD7EBD23}.Debug|x64.ActiveCfg = Debug|x64
		{BAFF3465-DEA2-54BF-A9C7-F463CD7EBD23}.DebugStatic|Win32.ActiveCfg = Debug|Win32
		{BAFF3465-DEA2-54BF-A9C7-F463CD7EBD23}.DebugStatic|Win32.Build.0 = Debug|Win32
		{BAFF3465-DEA2-54BF-A9C7-F463CD7EBD23}.DebugStatic|x64.ActiveCfg = Debug|x64
		{BAFF3465-DEA2-54BF-A9C7-F463CD7EBD23}.DebugStatic|x64.Build.0 = Debug|x64
		{BAFF3465-DEA2-54BF-A9C7-F463CD7EBD23}.DLL Debug|Win32.ActiveCfg = DLL Debug|Win32
		{BAFF3465-DEA2-54BF-A9C7-F463CD7EBD23}.DLL Debug|Win32.Build.0 = DLL Debug|Win32
		{BAFF3465-DEA2-54BF-A9C7-F463CD7EBD23}.DLL Debug|x64.ActiveCfg = DLL Debug|Win32
		{BAFF3465-DEA2-54BF-A9C7-F463CD7EBD23}.DLL Release|Win32.ActiveCfg = DLL Release|Win32
		{BAFF3465-DEA2-54BF-A9C7-F463CD7EBD23}.DLL Release|Win32.Build.0 = DLL Release|Win32
		{BAFF3465-DEA2-54BF-A9C7-F463CD7EBD23}.DLL Release|x64.ActiveCfg = DLL Release|Win32
		{BAFF3465-DEA2-54BF-A9C7-F463CD7EBD23}.Release|Win32.ActiveCfg = Release|Win32
		{BAFF3465-DEA2-54BF-A9C7-F463CD7EBD23}.Release|Win32.Build.0 = Release|Win32
		{BAFF3465-DEA2-54BF-A9C7-F463CD7EBD23}.Release|x64.ActiveCfg = Release|Win32
		{BAFF3465-DEA2-54BF-A9C7-F463CD7EBD23}.ReleaseStatic|Win32.ActiveCfg = Release|Win32
		{BAFF3465-DEA2-54BF-A9C7-F463CD7EBD23}.ReleaseStatic|Win32.Build.0 = Release|Win32
		{BAFF3465-DEA2-54BF-A9C7-F463CD7EBD23}.ReleaseStatic|x64.ActiveCfg = Debug|x64
		{BAFF3465-DEA2-54BF-A9C7-F463CD7EBD23}.ReleaseStatic|x64.Build.0 = Debug|x64
		{B80F8C54-7B7C-5067-9288-0729FA44BDC3}.Debug|Win32.ActiveCfg = Debug|Win32
		{B80F8C54-7B7C-5067-9288-0729FA44BDC3}.Debug|Win32.Build.0 = Debug|Win32
		{B80F8C54-7B7C-5067-9288-0729FA44BDC3}.Debug|Win32.Deploy.0 = Debug|Win32
		{B80F8C54-7B7C-5067-9288-0729FA44BDC3}.Debug|x64.ActiveCfg = Debug|x64
		{B80F8C54-7B7C-5067-9288-0729FA44BDC3}.DebugStatic|Win32.ActiveCfg = Debug|Win32
		{B80F8C54-7B7C-5067-9288-0729FA44BDC3}.DebugStatic|Win32.Build.0 = Debug|Win32
		{B80F8C54-7B7C-5067-9288-0729FA44BDC3}.DebugStatic|x64.ActiveCfg = Debug|x64
		{B80F8C54-7B7C-5067-9288-0729FA44BDC3}.DebugStatic|x64.Build.0 = Debug|x64
		{B80F8C54-7B7C-5067-9288-0729FA44BDC3}.DLL Debug|Win32.ActiveCfg = DLL Debug|Win32
		{B80F8C54-7B7C-5067-9288-0729FA44BDC3}.DLL Debug|Win32.Build.0 = DLL Debug|Win32
		{B80F8C54-7B7C-5067-9288-0729FA44BDC3}.DLL Debug|x64.ActiveCfg = DLL Debug|Win32
		{B80F8C54-7B7C-5067-9288-0729FA44BDC3}.DLL Release|Win32.ActiveCfg = DLL Release|Win32
		{B80F8C54-7B7C-5067-9288-0729FA44BDC3}.DLL Release|Win32.Build.0 = DLL Release|Win32
		{B80F8C54-7B7C-5067-9288-0729FA44BDC3}.DLL Release|x64.ActiveCfg = DLL Release|Win32
		{B80F8C54-7B7C-5067-9288-0729FA44BDC3}.Release|Win32.ActiveCfg = Release|Win32
		{B80F8C54-7B7C-5067-9288-0729FA44BDC3}.Release|Win32.Build.0 = Release|Win32
		{B80F8C54-7B7C-5067-9288-0729FA44BDC3}.Release|x64.ActiveCfg = Release|Win32
		{B80F8C54-7B7C-5067-9288-0729FA44BDC3}.ReleaseStatic|Win32.ActiveCfg = Release|Win32
		{B80F8C54-7B7C-5067-9288-0729FA44BDC3}.ReleaseStatic|Win32.Build.0 = Release|Win32
		{B80F8C54-7B7C-5067-9288-0729FA44BDC3}.ReleaseStatic|x64.ActiveCfg = Debug|x64
		{B80F8C54-7B7C-5067-9288-0729FA44BDC3}.ReleaseStatic|x64.Build.0 = Debug|x64
		{4F54F149-E1F3-5DFE-AF57-C0C99F9C46AA}.Debug|Win32.ActiveCfg = Debug|Win32
		{4F54F149-E1F3-5DFE-AF57-C0C99F9C46AA}.Debug|Win32.Build.0 = Debug|Win32
		{4F54F149-E1F3-5DFE-AF57-C0C99F9C46AA}.Debug|x64.ActiveCfg = Debug|x64
		{4F54F149-E1F3-5DFE-AF57-C0C99F9C46AA}.DebugStatic|Win32.ActiveCfg = Debug|Win32
		{4F54F149-E1F3-5DFE-AF57-C0C99F9C46AA}.DebugStatic|Win32.Build.0 = Debug|Win32
		{4F54F149-E1F3-5DFE-AF57-C0C99F9C46AA}.DebugStatic|x64.ActiveCfg = Debug|x64
		{4F54F149-E1F3-5DFE-AF57-C0C99F9C46AA}.DebugStatic|x64.Build.0 = Debug|x64
		{4F54F149-E1F3-5DFE-AF57-C0C99F9C46AA}.DLL Debug|Win32.ActiveCfg = DLL Debug|Win32
		{4F54F149-E1F3-5DFE-AF57-C0C99F9C46AA}.DLL Debug|Win32.Build.0 = DLL Debug|Win32
		{4F54F149-E1F3-5DFE-AF57-C0C99F9C46AA}.DLL Debug|x64.ActiveCfg = DLL Debug|Win32
		{4F54F149-E1F3-5DFE-AF57-C0C99F9C46AA}.DLL Release|Win32.ActiveCfg = DLL Release|Win32
		{4F54F149-E1F3-5DFE-AF57-C0C99F9C46AA}.DLL Release|Win32.Build.0 = DLL Release|Win32
		{4F54F149-E1F3-5DFE-AF57-C0C99F9C46AA}.DLL Release|x64.ActiveCfg = DLL Release|Win32
		{4F54F149-E1F3-5DFE-AF57-C0C99F9C46AA}.Release|Win32.ActiveCfg = Release|Win32
		{4F54F149-E1F3-5DFE-AF57-C0C99F9C46AA}.Release|Win32.Build.0 = Release|Win32
		{4F54F149-E1F3-5DFE-AF57-C0C99F9C46AA}.Release|x64.ActiveCfg = Release|Win32
		{4F54F149-E1F3-5DFE-AF57-C0C99F9C46AA}.ReleaseStatic|Win32.ActiveCfg = Release|Win32
		{4F54F149-E1F3-5DFE-AF57-C0C99F9C46AA}.ReleaseStatic|Win32.Build.0 = Release|Win32
		{4F54F149-E1F3-5DFE-AF57-C0C99F9C46AA}.ReleaseStatic|x64.ActiveCfg = Debug|x64
		{4F54F149-E1F3-5DFE-AF57-C0C99F9C46AA}.ReleaseStatic|x64.Build.0 = Debug|x64
		{C5D87DF1-B576-53DB-AE3A-12A3F6E98647}.Debug|Win32.ActiveCfg = Debug|Win32
		{C5D87DF1-B576-53DB-AE3A-12A3F6E98647}.Debug|Win32.Build.0 = Debug|Win32
		{C5D87DF1-B576-53DB-AE3A-12A3F6E98647}.Debug|x64.ActiveCfg = Debug|x64
		{C5D87DF1-B576-53DB-AE3A-12A3F6E98647}.DebugStatic|Win32.ActiveCfg = Debug|Win32
		{C5D87DF1-B576-53DB-AE3A-12A3F6E98647}.DebugStatic|Win32.Build.0 = Debug|Win32
		{C5D87DF1-B576-53DB-AE3A-12A3F6E98647}.DebugStatic|x64.ActiveCfg = Debug|x64
		{C5D87DF1-B576-53DB-AE3A-12A3F6E98647}.DebugStatic|x64.Build.0 = Debug|x64
		{C5D87DF1-B576-53DB-AE3A-12A3F6E98647}.DLL Debug|Win32.ActiveCfg = DLL Debug|Win32
		{C5D87DF1-B576-53DB-AE3A-12A3F6E98647}.DLL Debug|Win32.Build.0 = DLL Debug|Win32
		{C5D87DF1-B576-53DB-AE3A-12A3F6E98647}.DLL Debug|x64.ActiveCfg = DLL Debug|Win32
		{C5D87DF1-B576-53DB-AE3A-12A3F6E98647}.DLL Release|Win32.ActiveCfg = DLL Release|Win32
		{C5D87DF1-B576-53DB-AE3A-12A3F6E98647}.DLL Release|Win32.Build.0 = DLL Release|Win32
		{C5D87DF1-B576-53DB-AE3A-12A3F6E98647}.DLL Release|x64.ActiveCfg = DLL Release|Win32
		{C5D87DF1-B576-53DB-AE3A-12A3F6E98647}.Release|Win32.ActiveCfg = Release|Win32
		{C5D87DF1-B576-53DB-AE3A-12A3F6E98647}.Release|Win32.Build.0 = Release|Win32
		{C5D87DF1-B576-53DB-AE3A-12A3F6E98647}.Release|x64.ActiveCfg = Release|Win32
		{C5D87DF1-B576-53DB-AE3A-12A3F6E98647}.ReleaseStatic|Win32.ActiveCfg = Release|Win32
		{C5D87DF1-B576-53DB-AE3A-12A3F6E98647}.ReleaseStatic|Win32.Build.0 = Release|Win32
		{C5D87DF1-B576-53DB-AE3A-12A3F6E98647}.ReleaseStatic|x64.ActiveCfg = Debug|x64
		{C5D87DF1-B576-53DB-AE3A-12A3F6E98647}.ReleaseStatic|x64.Build.0 = Debug|x64
		{3823E1F3-1BDF-4CDB-85D5-D288FBEBD569}.Debug|Win32.ActiveCfg = Debug|Win32
		{3823E1F3-1BDF-4CDB-85D5-D288FBEBD569}.Debug|Win32.Build.0 = Debug|Win32
		{3823E1F3-1BDF-4CDB-85D5-D288FBEBD569}.Debug|x64.ActiveCfg = Debug|x64
		{3823E1F3-1BDF-4CDB-85D5-D288FBEBD569}.DebugStatic|Win32.ActiveCfg = Debug|Win32
		{3823E1F3-1BDF-4CDB-85D5-D288FBEBD569}.DebugStatic|Win32.Build.0 = Debug|Win32
		{3823E1F3-1BDF-4CDB-85D5-D288FBEBD569}.DebugStatic|x64.ActiveCfg = Debug|x64
		{3823E1F3-1BDF-4CDB-85D5-D288FBEBD569}.DebugStatic|x64.Build.0 = Debug|x64
		{3823E1F3-1BDF-4CDB-85D5-D288FBEBD569}.DLL Debug|Win32.ActiveCfg = DLL Debug|Win32
		{3823E1F3-1BDF-4CDB-85D5-D288FBEBD569}.DLL Debug|Win32.Build.0 = DLL Debug|Win32
		{3823E1F3-1BDF-4CDB-85D5-D288FBEBD569}.DLL Debug|x64.ActiveCfg = DLL Debug|Win32
		{3823E1F3-1BDF-4CDB-85D5-D288FBEBD569}.DLL Release|Win32.ActiveCfg = DLL Release|Win32
		{3823E1F3-1BDF-4CDB-85D5-D288FBEBD569}.DLL Release|Win32.Build.0 = DLL Release|Win32
		{3823E1F3-1BDF-4CDB-85D5-D288FBEBD569}.DLL Release|x64.ActiveCfg = DLL Release|Win32
		{3823E1F3-1BDF-4CDB-85D5-D288FBEBD569}.Release|Win32.ActiveCfg = Release|Win32
		{3823E1F3-1BDF-4CDB-85D5-D288FBEBD569}.Release|Win32.Build.0 = Release|Win32
		{3823E1F3-1BDF-4CDB-85D5-D288FBEBD569}.Release|x64.ActiveCfg = Release|Win32
		{3823E1F3-1BDF-4CDB-85D5-D288FBEBD569}.ReleaseStatic|Win32.ActiveCfg = Release|Win32
		{3823E1F3-1BDF-4CDB-85D5-D288FBEBD569}.ReleaseStatic|Win32.Build.0 = Release|Win32
		{3823E1F3-1BDF-4CDB-85D5-D288FBEBD569}.ReleaseStatic|x64.ActiveCfg = Debug|x64
		{3823E1F3-1BDF-4CDB-85D5-D288FBEBD569}.ReleaseStatic|x64.Build.0 = Debug|x64
		{884D7A57-5DF6-4FD6-BDC5-F5FEAEA50CD5}.Debug|Win32.ActiveCfg = Debug|Win32
		{884D7A57-5DF6-4FD6-BDC5-F5FEAEA50CD5}.Debug|Win32.Build.0 = Debug|Win32
		{884D7A57-5DF6-4FD6-BDC5-F5FEAEA50CD5}.Debug|x64.ActiveCfg = Debug|x64
		{884D7A57-5DF6-4FD6-BDC5-F5FEAEA50CD5}.DebugStatic|Win32.ActiveCfg = Debug|Win32
		{884D7A57-5DF6-4FD6-BDC5-F5FEAEA50CD5}.DebugStatic|Win32.Build.0 = Debug|Win32
		{884D7A57-5DF6-4FD6-BDC5-F5FEAEA50CD5}.DebugStatic|x64.ActiveCfg = Debug|x64
		{884D7A57-5DF6-4FD6-BDC5-F5FEAEA50CD5}.DebugStatic|x64.Build.0 = Debug|x64
		{884D7A57-5DF6-4FD6-BDC5-F5FEAEA50CD5}.DLL Debug|Win32.ActiveCfg = DLL Debug|Win32
		{884D7A57-5DF6-4FD6-BDC5-F5FEAEA50CD5}.DLL Debug|Win32.Build.0 = DLL Debug|Win32
		{884D7A57-5DF6-4FD6-BDC5-F5FEAEA50CD5}.DLL Debug|x64.ActiveCfg = DLL Debug|Win32
		{884D7A57-5DF6-4FD6-BDC5-F5FEAEA50CD5}.DLL Release|Win32.ActiveCfg = DLL Release|Win32
		{884D7A57-5DF6-4FD6-BDC5-F5FEAEA50CD5}.DLL Release|Win32.Build.0 = DLL Release|Win32
		{884D7A57-5DF6-4FD6-BDC5-F5FEAEA50CD5}.DLL Release|x64.ActiveCfg = DLL Release|Win32
		{884D7A57-5DF6-4FD6-BDC5-F5FEAEA50CD5}.Release|Win32.ActiveCfg = Release|Win32
		{884D7A57-5DF6-4FD6-BDC5-F5FEAEA50CD5}.Release|Win32.Build.0 = Release|Win32
		{884D7A57-5DF6-4FD6-BDC5-F5FEAEA50CD5}.Release|x64.ActiveCfg = Release|Win32
		{884D7A57-5DF6-4FD6-BDC5-F5FEAEA50CD5}.ReleaseStatic|Win32.ActiveCfg = Release|Win32
		{884D7A57-5DF6-4FD6-BDC5-F5FEAEA50CD5}.ReleaseStatic|Win32.Build.0 = Release|Win32
		{884D7A57-5DF6-4FD6-BDC5-F5FEAEA50CD5}.ReleaseStatic|x64.ActiveCfg = Debug|x64
		{884D7A57-5DF6-4FD6-BDC5-F5FEAEA50CD5}.ReleaseStatic|x64.Build.0 = Debug|x64
		{0099832A-53F4-4C2E-8293-9C023284874D}.Debug|Win32.ActiveCfg = Debug|Win32
		{0099832A-53F4-4C2E-8293-9C023284874D}.Debug|Win32.Build.0 = Debug|Win32
		{0099832A-53F4-4C2E-8293-9C023284874D}.Debug|x64.ActiveCfg = Debug|x64
		{0099832A-53F4-4C2E-8293-9C023284874D}.DebugStatic|Win32.ActiveCfg = Debug|Win32
		{0099832A-53F4-4C2E-8293-9C023284874D}.DebugStatic|Win32.Build.0 = Debug|Win32
		{0099832A-53F4-4C2E-8293-9C023284874D}.DebugStatic|x64.ActiveCfg = Debug|x64
		{0099832A-53F4-4C2E-8293-9C023284874D}.DebugStatic|x64.Build.0 = Debug|x64
		{0099832A-53F4-4C2E-8293-9C023284874D}.DLL Debug|Win32.ActiveCfg = DLL Debug|Win32
		{0099832A-53F4-4C2E-8293-9C023284874D}.DLL Debug|Win32.Build.0 = DLL Debug|Win32
		{0099832A-53F4-4C2E-8293-9C023284874D}.DLL Debug|x64.ActiveCfg = DLL Debug|Win32
		{0099832A-53F4-4C2E-8293-9C023284874D}.DLL Release|Win32.ActiveCfg = DLL Release|Win32
		{0099832A-53F4-4C2E-8293-9C023284874D}.DLL Release|Win32.Build.0 = DLL Release|Win32
		{0099832A-53F4-4C2E-8293-9C023284874D}.DLL Release|x64.ActiveCfg = DLL Release|Win32
		{0099832A-53F4-4C2E-8293-9C023284874D}.Release|Win32.ActiveCfg = Release|Win32
		{0099832A-53F4-4C2E-8293-9C023284874D}.Release|Win32.Build.0 = Release|Win32
		{0099832A-53F4-4C2E-8293-9C023284874D}.Release|x64.ActiveCfg = Release|Win32
		{0099832A-53F4-4C2E-8293-9C023284874D}.ReleaseStatic|Win32.ActiveCfg = Release|Win32
		{0099832A-53F4-4C2E-8293-9C023284874D}.ReleaseStatic|Win32.Build.0 = Release|Win32
		{0099832A-53F4-4C2E-8293-9C023284874D}.ReleaseStatic|x64.ActiveCfg = Debug|x64
		{0099832A-53F4-4C2E-8293-9C023284874D}.ReleaseStatic|x64.Build.0 = Debug|x64
		{CBFFFF79-193C-48C9-A5A9-09C67791149B}.Debug|Win32.ActiveCfg = Debug|Win32
		{CBFFFF79-193C-48C9-A5A9-09C67791149B}.Debug|Win32.Build.0 = Debug|Win32
		{CBFFFF79-193C-48C9-A5A9-09C67791149B}.Debug|x64.ActiveCfg = Debug|x64
		{CBFFFF79-193C-48C9-A5A9-09C67791149B}.DebugStatic|Win32.ActiveCfg = Debug|Win32
		{CBFFFF79-193C-48C9-A5A9-09C67791149B}.DebugStatic|Win32.Build.0 = Debug|Win32
		{CBFFFF79-193C-48C9-A5A9-09C67791149B}.DebugStatic|x64.ActiveCfg = Debug|x64
		{CBFFFF79-193C-48C9-A5A9-09C67791149B}.DebugStatic|x64.Build.0 = Debug|x64
		{CBFFFF79-193C-48C9-A5A9-09C67791149B}.DLL Debug|Win32.ActiveCfg = DLL Debug|Win32
		{CBFFFF79-193C-48C9-A5A9-09C67791149B}.DLL Debug|Win32.Build.0 = DLL Debug|Win32
		{CBFFFF79-193C-48C9-A5A9-09C67791149B}.DLL Debug|x64.ActiveCfg = DLL Debug|Win32
		{CBFFFF79-193C-48C9-A5A9-09C67791149B}.DLL Release|Win32.ActiveCfg = DLL Release|Win32
		{CBFFFF79-193C-48C9-A5A9-09C67791149B}.DLL Release|Win32.Build.0 = DLL Release|Win32
		{CBFFFF79-193C-48C9-A5A9-09C67791149B}.DLL Release|x64.ActiveCfg = DLL Release|Win32
		{CBFFFF79-193C-48C9-A5A9-09C67791149B}.Release|Win32.ActiveCfg = Release|Win32
		{CBFFFF79-193C-48C9-A5A9-09C67791149B}.Release|Win32.Build.0 = Release|Win32
		{CBFFFF79-193C-48C9-A5A9-09C67791149B}.Release|x64.ActiveCfg = Release|Win32
		{CBFFFF79-193C-48C9-A5A9-09C67791149B}.ReleaseStatic|Win32.ActiveCfg = Release|Win32
		{CBFFFF79-193C-48C9-A5A9-09C67791149B}.ReleaseStatic|Win32.Build.0 = Release|Win32
		{CBFFFF79-193C-48C9-A5A9-09C67791149B}.ReleaseStatic|x64.ActiveCfg = Debug|x64
		{CBFFFF79-193C-48C9-A5A9-09C67791149B}.ReleaseStatic|x64.Build.0 = Debug|x64
		{6384AC77-7C1D-4240-A607-274D097DF25F}.Debug|Win32.ActiveCfg = Debug|Win32
		{6384AC77-7C1D-4240-A607-274D097DF25F}.Debug|Win32.Build.0 = Debug|Win32
		{6384AC77-7C1D-4240-A607-274D097DF25F}.Debug|x64.ActiveCfg = Debug|x64
		{6384AC77-7C1D-4240-A607-274D097DF25F}.DebugStatic|Win32.ActiveCfg = Debug|Win32
		{6384AC77-7C1D-4240-A607-274D097DF25F}.DebugStatic|Win32.Build.0 = Debug|Win32
		{6384AC77-7C1D-4240-A607-274D097DF25F}.DebugStatic|x64.ActiveCfg = Debug|x64
		{6384AC77-7C1D-4240-A607-274D097DF25F}.DebugStatic|x64.Build.0 = Debug|x64
		{6384AC77-7C1D-4240-A607-274D097DF25F}.DLL Debug|Win32.ActiveCfg = DLL Debug|Win32
		{6384AC77-7C1D-4240-A607-274D097DF25F}.DLL Debug|Win32.Build.0 = DLL Debug|Win32
		{6384AC77-7C1D-4240-A607-274D097DF25F}.DLL Debug|x64.ActiveCfg = DLL Debug|Win32
		{6384AC77-7C1D-4240-A607-274D097DF25F}.DLL Release|Win32.ActiveCfg = DLL Release|Win32
		{6384AC77-7C1D-4240-A607-274D097DF25F}.DLL Release|Win32.Build.0 = DLL Release|Win32
		{6384AC77-7C1D-4240-A607-274D097DF25F}.DLL Release|x64.ActiveCfg = DLL Release|Win32
		{6384AC77-7C1D-4240-A607-274D097DF25F}.Release|Win32.ActiveCfg = Release|Win32
		{6384AC77-7C1D-4240-A607-274D097DF25F}.Release|Win32.Build.0 = Release|Win32
		{6384AC77-7C1D-4240-A607-274D097DF25F}.Release|x64.ActiveCfg = Release|Win32
		{6384AC77-7C1D-4240-A607-274D097DF25F}.ReleaseStatic|Win32.ActiveCfg = Release|Win32
		{6384AC77-7C1D-4240-A607-274D097DF25F}.ReleaseStatic|Win32.Build.0 = Release|Win32
		{6384AC77-7C1D-4240-A607-274D097DF25F}.ReleaseStatic|x64.ActiveCfg = Debug|x64
		{6384AC77-7C1D-4240-A607-274D097DF25F}.ReleaseStatic|x64.Build.0 = Debug|x64
		{3FCC50C2-81E9-5DB2-B8D8-2129427568B1}.Debug|Win32.ActiveCfg = Debug|Win32
		{3FCC50C2-81E9-5DB2-B8D8-2129427568B1}.Debug|Win32.Build.0 = Debug|Win32
		{3FCC50C2-81E9-5DB2-B8D8-2129427568B1}.Debug|x64.ActiveCfg = Debug|x64
		{3FCC50C2-81E9-5DB2-B8D8-2129427568B1}.Debug|x64.Build.0 = Debug|x64
		{3FCC50C2-81E9-5DB2-B8D8-2129427568B1}.DebugStatic|Win32.ActiveCfg = Debug|Win32
		{3FCC50C2-81E9-5DB2-B8D8-2129427568B1}.DebugStatic|x64.ActiveCfg = Debug|x64
		{3FCC50C2-81E9-5DB2-B8D8-2129427568B1}.DLL Debug|Win32.ActiveCfg = DLL Debug|Win32
		{3FCC50C2-81E9-5DB2-B8D8-2129427568B1}.DLL Debug|Win32.Build.0 = DLL Debug|Win32
		{3FCC50C2-81E9-5DB2-B8D8-2129427568B1}.DLL Debug|x64.ActiveCfg = DLL Debug|x64
		{3FCC50C2-81E9-5DB2-B8D8-2129427568B1}.DLL Debug|x64.Build.0 = DLL Debug|x64
		{3FCC50C2-81E9-5DB2-B8D8-2129427568B1}.DLL Release|Win32.ActiveCfg = DLL Release|Win32
		{3FCC50C2-81E9-5DB2-B8D8-2129427568B1}.DLL Release|Win32.Build.0 = DLL Release|Win32
		{3FCC50C2-81E9-5DB2-B8D8-2129427568B1}.DLL Release|x64.ActiveCfg = DLL Release|x64
		{3FCC50C2-81E9-5DB2-B8D8-2129427568B1}.DLL Release|x64.Build.0 = DLL Release|x64
		{3FCC50C2-81E9-5DB2-B8D8-2129427568B1}.Release|Win32.ActiveCfg = Release|Win32
		{3FCC50C2-81E9-5DB2-B8D8-2129427568B1}.Release|Win32.Build.0 = Release|Win32
		{3FCC50C2-81E9-5DB2-B8D8-2129427568B1}.Release|x64.ActiveCfg = Release|x64
		{3FCC50C2-81E9-5DB2-B8D8-2129427568B1}.Release|x64.Build.0 = Release|x64
		{3FCC50C2-81E9-5DB2-B8D8-2129427568B1}.ReleaseStatic|Win32.ActiveCfg = Release|Win32
		{3FCC50C2-81E9-5DB2-B8D8-2129427568B1}.ReleaseStatic|x64.ActiveCfg = Release|x64
		{6744DAD8-9C70-574A-BFF2-9F8DDDB24A75}.Debug|Win32.ActiveCfg = Debug|Win32
		{6744DAD8-9C70-574A-BFF2-9F8DDDB24A75}.Debug|Win32.Build.0 = Debug|Win32
		{6744DAD8-9C70-574A-BFF2-9F8DDDB24A75}.Debug|x64.ActiveCfg = Debug|x64
		{6744DAD8-9C70-574A-BFF2-9F8DDDB24A75}.Debug|x64.Build.0 = Debug|x64
		{6744DAD8-9C70-574A-BFF2-9F8DDDB24A75}.DebugStatic|Win32.ActiveCfg = Debug|Win32
		{6744DAD8-9C70-574A-BFF2-9F8DDDB24A75}.DebugStatic|x64.ActiveCfg = Debug|x64
		{6744DAD8-9C70-574A-BFF2-9F8DDDB24A75}.DLL Debug|Win32.ActiveCfg = DLL Debug|Win32
		{6744DAD8-9C70-574A-BFF2-9F8DDDB24A75}.DLL Debug|Win32.Build.0 = DLL Debug|Win32
		{6744DAD8-9C70-574A-BFF2-9F8DDDB24A75}.DLL Debug|x64.ActiveCfg = DLL Debug|x64
		{6744DAD8-9C70-574A-BFF2-9F8DDDB24A75}.DLL Debug|x64.Build.0 = DLL Debug|x64
		{6744DAD8-9C70-574A-BFF2-9F8DDDB24A75}.DLL Release|Win32.ActiveCfg = DLL Release|Win32
		{6744DAD8-9C70-574A-BFF2-9F8DDDB24A75}.DLL Release|Win32.Build.0 = DLL Release|Win32
		{6744DAD8-9C70-574A-BFF2-9F8DDDB24A75}.DLL Release|x64.ActiveCfg = DLL Release|x64
		{6744DAD8-9C70-574A-BFF2-9F8DDDB24A75}.DLL Release|x64.Build.0 = DLL Release|x64
		{6744DAD8-9C70-574A-BFF2-9F8DDDB24A75}.Release|Win32.ActiveCfg = Release|Win32
		{6744DAD8-9C70-574A-BFF2-9F8DDDB24A75}.Release|Win32.Build.0 = Release|Win32
		{6744DAD8-9C70-574A-BFF2-9F8DDDB24A75}.Release|x64.ActiveCfg = Release|x64
		{6744DAD8-9C70-574A-BFF2-9F8DDDB24A75}.Release|x64.Build.0 = Release|x64
		{6744DAD8-9C70-574A-BFF2-9F8DDDB24A75}.ReleaseStatic|Win32.ActiveCfg = Release|Win32
		{6744DAD8-9C70-574A-BFF2-9F8DDDB24A75}.ReleaseStatic|x64.ActiveCfg = Release|x64
		{09F2F96A-1CC6-5E43-AF1D-956EC2A4888D}.Debug|Win32.ActiveCfg = Debug|Win32
		{09F2F96A-1CC6-5E43-AF1D-956EC2A4888D}.Debug|Win32.Build.0 = Debug|Win32
		{09F2F96A-1CC6-5E43-AF1D-956EC2A4888D}.Debug|x64.ActiveCfg = Debug|x64
		{09F2F96A-1CC6-5E43-AF1D-956EC2A4888D}.Debug|x64.Build.0 = Debug|x64
		{09F2F96A-1CC6-5E43-AF1D-956EC2A4888D}.DebugStatic|Win32.ActiveCfg = Debug|Win32
		{09F2F96A-1CC6-5E43-AF1D-956EC2A4888D}.DebugStatic|x64.ActiveCfg = Debug|x64
		{09F2F96A-1CC6-5E43-AF1D-956EC2A4888D}.DLL Debug|Win32.ActiveCfg = DLL Debug|Win32
		{09F2F96A-1CC6-5E43-AF1D-956EC2A4888D}.DLL Debug|Win32.Build.0 = DLL Debug|Win32
		{09F2F96A-1CC6-5E43-AF1D-956EC2A4888D}.DLL Debug|x64.ActiveCfg = DLL Debug|x64
		{09F2F96A-1CC6-5E43-AF1D-956EC2A4888D}.DLL Debug|x64.Build.0 = DLL Debug|x64
		{09F2F96A-1CC6-5E43-AF1D-956EC2A4888D}.DLL Release|Win32.ActiveCfg = DLL Release|Win32
		{09F2F96A-1CC6-5E43-AF1D-956EC2A4888D}.DLL Release|Win32.Build.0 = DLL Release|Win32
		{09F2F96A-1CC6-5E43-AF1D-956EC2A4888D}.DLL Release|x64.ActiveCfg = DLL Release|x64
		{09F2F96A-1CC6-5E43-AF1D-956EC2A4888D}.DLL Release|x64.Build.0 = DLL Release|x64
		{09F2F96A-1CC6-5E43-AF1D-956EC2A4888D}.Release|Win32.ActiveCfg = Release|Win32
		{09F2F96A-1CC6-5E43-AF1D-956EC2A4888D}.Release|Win32.Build.0 = Release|Win32
		{09F2F96A-1CC6-5E43-AF1D-956EC2A4888D}.Release|x64.ActiveCfg = Release|x64
		{09F2F96A-1CC6-5E43-AF1D-956EC2A4888D}.Release|x64.Build.0 = Release|x64
		{09F2F96A-1CC6-5E43-AF1D-956EC2A4888D}.ReleaseStatic|Win32.ActiveCfg = Release|Win32
		{09F2F96A-1CC6-5E43-AF1D-956EC2A4888D}.ReleaseStatic|x64.ActiveCfg = Release|x64
		{33CC42F9-7756-5587-863C-8D4461B7C5DD}.Debug|Win32.ActiveCfg = Debug|Win32
		{33CC42F9-7756-5587-863C-8D4461B7C5DD}.Debug|Win32.Build.0 = Debug|Win32
		{33CC42F9-7756-5587-863C-8D4461B7C5DD}.Debug|x64.ActiveCfg = Debug|x64
		{33CC42F9-7756-5587-863C-8D4461B7C5DD}.Debug|x64.Build.0 = Debug|x64
		{33CC42F9-7756-5587-863C-8D4461B7C5DD}.DebugStatic|Win32.ActiveCfg = Debug|Win32
		{33CC42F9-7756-5587-863C-8D4461B7C5DD}.DebugStatic|x64.ActiveCfg = Debug|x64
		{33CC42F9-7756-5587-863C-8D4461B7C5DD}.DLL Debug|Win32.ActiveCfg = DLL Debug|Win32
		{33CC42F9-7756-5587-863C-8D4461B7C5DD}.DLL Debug|Win32.Build.0 = DLL Debug|Win32
		{33CC42F9-7756-5587-863C-8D4461B7C5DD}.DLL Debug|x64.ActiveCfg = DLL Debug|x64
		{33CC42F9-7756-5587-863C-8D4461B7C5DD}.DLL Debug|x64.Build.0 = DLL Debug|x64
		{33CC42F9-7756-5587-863C-8D4461B7C5DD}.DLL Release|Win32.ActiveCfg = DLL Release|Win32
		{33CC42F9-7756-5587-863C-8D4461B7C5DD}.DLL Release|Win32.Build.0 = DLL Release|Win32
		{33CC42F9-7756-5587-863C-8D4461B7C5DD}.DLL Release|x64.ActiveCfg = DLL Release|x64
		{33CC42F9-7756-5587-863C-8D4461B7C5DD}.DLL Release|x64.Build.0 = DLL Release|x64
		{33CC42F9-7756-5587-863C-8D4461B7C5DD}.Release|Win32.ActiveCfg = Release|Win32
		{33CC42F9-7756-5587-863C-8D4461B7C5DD}.Release|Win32.Build.0 = Release|Win32
		{33CC42F9-7756-5587-863C-8D4461B7C5DD}.Release|x64.ActiveCfg = Release|x64
		{33CC42F9-7756-5587-863C-8D4461B7C5DD}.Release|x64.Build.0 = Release|x64
		{33CC42F9-7756-5587-863C-8D4461B7C5DD}.ReleaseStatic|Win32.ActiveCfg = Release|Win32
		{33CC42F9-7756-5587-863C-8D4461B7C5DD}.ReleaseStatic|x64.ActiveCfg = Release|x64
		{01F4CE10-2CFB-41A8-B41F-E54337868A1D}.Debug|Win32.ActiveCfg = Debug|Win32
		{01F4CE10-2CFB-41A8-B41F-E54337868A1D}.Debug|Win32.Build.0 = Debug|Win32
		{01F4CE10-2CFB-41A8-B41F-E54337868A1D}.Debug|x64.ActiveCfg = Debug|x64
		{01F4CE10-2CFB-41A8-B41F-E54337868A1D}.Debug|x64.Build.0 = Debug|x64
		{01F4CE10-2CFB-41A8-B41F-E54337868A1D}.DebugStatic|Win32.ActiveCfg = Debug|Win32
		{01F4CE10-2CFB-41A8-B41F-E54337868A1D}.DebugStatic|x64.ActiveCfg = Debug|x64
		{01F4CE10-2CFB-41A8-B41F-E54337868A1D}.DLL Debug|Win32.ActiveCfg = DLL Debug|Win32
		{01F4CE10-2CFB-41A8-B41F-E54337868A1D}.DLL Debug|Win32.Build.0 = DLL Debug|Win32
		{01F4CE10-2CFB-41A8-B41F-E54337868A1D}.DLL Debug|x64.ActiveCfg = DLL Debug|x64
		{01F4CE10-2CFB-41A8-B41F-E54337868A1D}.DLL Debug|x64.Build.0 = DLL Debug|x64
		{01F4CE10-2CFB-41A8-B41F-E54337868A1D}.DLL Release|Win32.ActiveCfg = DLL Release|Win32
		{01F4CE10-2CFB-41A8-B41F-E54337868A1D}.DLL Release|Win32.Build.0 = DLL Release|Win32
		{01F4CE10-2CFB-41A8-B41F-E54337868A1D}.DLL Release|x64.ActiveCfg = DLL Release|x64
		{01F4CE10-2CFB-41A8-B41F-E54337868A1D}.DLL Release|x64.Build.0 = DLL Release|x64
		{01F4CE10-2CFB-41A8-B41F-E54337868A1D}.Release|Win32.ActiveCfg = Release|Win32
		{01F4CE10-2CFB-41A8-B41F-E54337868A1D}.Release|Win32.Build.0 = Release|Win32
		{01F4CE10-2CFB-41A8-B41F-E54337868A1D}.Release|x64.ActiveCfg = Release|x64
		{01F4CE10-2CFB-41A8-B41F-E54337868A1D}.Release|x64.Build.0 = Release|x64
		{01F4CE10-2CFB-41A8-B41F-E54337868A1D}.ReleaseStatic|Win32.ActiveCfg = Release|Win32
		{01F4CE10-2CFB-41A8-B41F-E54337868A1D}.ReleaseStatic|x64.ActiveCfg = Release|x64
		{A1A8355B-0988-528E-9CC2-B971D6266669}.Debug|Win32.ActiveCfg = Debug|Win32
		{A1A8355B-0988-528E-9CC2-B971D6266669}.Debug|Win32.Build.0 = Debug|Win32
		{A1A8355B-0988-528E-9CC2-B971D6266669}.Debug|x64.ActiveCfg = Debug|x64
		{A1A8355B-0988-528E-9CC2-B971D6266669}.Debug|x64.Build.0 = Debug|x64
		{A1A8355B-0988-528E-9CC2-B971D6266669}.DebugStatic|Win32.ActiveCfg = Debug|Win32
		{A1A8355B-0988-528E-9CC2-B971D6266669}.DebugStatic|x64.ActiveCfg = Debug|x64
		{A1A8355B-0988-528E-9CC2-B971D6266669}.DLL Debug|Win32.ActiveCfg = DLL Debug|Win32
		{A1A8355B-0988-528E-9CC2-B971D6266669}.DLL Debug|Win32.Build.0 = DLL Debug|Win32
		{A1A8355B-0988-528E-9CC2-B971D6266669}.DLL Debug|x64.ActiveCfg = DLL Debug|x64
		{A1A8355B-0988-528E-9CC2-B971D6266669}.DLL Debug|x64.Build.0 = DLL Debug|x64
		{A1A8355B-0988-528E-9CC2-B971D6266669}.DLL Release|Win32.ActiveCfg = DLL Release|Win32
		{A1A8355B-0988-528E-9CC2-B971D6266669}.DLL Release|Win32.Build.0 = DLL Release|Win32
		{A1A8355B-0988-528E-9CC2-B971D6266669}.DLL Release|x64.ActiveCfg = DLL Release|x64
		{A1A8355B-0988-528E-9CC2-B971D6266669}.DLL Release|x64.Build.0 = DLL Release|x64
		{A1A8355B-0988-528E-9CC2-B971D6266669}.Release|Win32.ActiveCfg = Release|Win32
		{A1A8355B-0988-528E-9CC2-B971D6266669}.Release|Win32.Build.0 = Release|Win32
		{A1A8355B-0988-528E-9CC2-B971D6266669}.Release|x64.ActiveCfg = Release|x64
		{A1A8355B-0988-528E-9CC2-B971D6266669}.Release|x64.Build.0 = Release|x64
		{A1A8355B-0988-528E-9CC2-B971D6266669}.ReleaseStatic|Win32.ActiveCfg = Release|Win32
		{A1A8355B-0988-528E-9CC2-B971D6266669}.ReleaseStatic|x64.ActiveCfg = Release|x64
		{8ACC122A-CA6A-5AA6-9C97-9CDD2E533DB0}.Debug|Win32.ActiveCfg = Debug|Win32
		{8ACC122A-CA6A-5AA6-9C97-9CDD2E533DB0}.Debug|Win32.Build.0 = Debug|Win32
		{8ACC122A-CA6A-5AA6-9C97-9CDD2E533DB0}.Debug|x64.ActiveCfg = Debug|x64
		{8ACC122A-CA6A-5AA6-9C97-9CDD2E533DB0}.Debug|x64.Build.0 = Debug|x64
		{8ACC122A-CA6A-5AA6-9C97-9CDD2E533DB0}.DebugStatic|Win32.ActiveCfg = Debug|Win32
		{8ACC122A-CA6A-5AA6-9C97-9CDD2E533DB0}.DebugStatic|x64.ActiveCfg = Debug|x64
		{8ACC122A-CA6A-5AA6-9C97-9CDD2E533DB0}.DLL Debug|Win32.ActiveCfg = DLL Debug|Win32
		{8ACC122A-CA6A-5AA6-9C97-9CDD2E533DB0}.DLL Debug|Win32.Build.0 = DLL Debug|Win32
		{8ACC122A-CA6A-5AA6-9C97-9CDD2E533DB0}.DLL Debug|x64.ActiveCfg = DLL Debug|x64
		{8ACC122A-CA6A-5AA6-9C97-9CDD2E533DB0}.DLL Debug|x64.Build.0 = DLL Debug|x64
		{8ACC122A-CA6A-5AA6-9C97-9CDD2E533DB0}.DLL Release|Win32.ActiveCfg = DLL Release|Win32
		{8ACC122A-CA6A-5AA6-9C97-9CDD2E533DB0}.DLL Release|Win32.Build.0 = DLL Release|Win32
		{8ACC122A-CA6A-5AA6-9C97-9CDD2E533DB0}.DLL Release|x64.ActiveCfg = DLL Release|x64
		{8ACC122A-CA6A-5AA6-9C97-9CDD2E533DB0}.DLL Release|x64.Build.0 = DLL Release|x64
		{8ACC122A-CA6A-5AA6-9C97-9CDD2E533DB0}.Release|Win32.ActiveCfg = Release|Win32
		{8ACC122A-CA6A-5AA6-9C97-9CDD2E533DB0}.Release|Win32.Build.0 = Release|Win32
		{8ACC122A-CA6A-5AA6-9C97-9CDD2E533DB0}.Release|x64.ActiveCfg = Release|x64
		{8ACC122A-CA6A-5AA6-9C97-9CDD2E533DB0}.Release|x64.Build.0 = Release|x64
		{8ACC122A-CA6A-5AA6-9C97-9CDD2E533DB0}.ReleaseStatic|Win32.ActiveCfg = Release|Win32
		{8ACC122A-CA6A-5AA6-9C97-9CDD2E533DB0}.ReleaseStatic|x64.ActiveCfg = Release|x64
		{811670D3-B094-569A-BF65-7EAED11DEC14}.Debug|Win32.ActiveCfg = Debug|Win32
		{811670D3-B094-569A-BF65-7EAED11DEC14}.Debug|Win32.Build.0 = Debug|Win32
		{811670D3-B094-569A-BF65-7EAED11DEC14}.Debug|x64.ActiveCfg = Debug|x64
		{811670D3-B094-569A-BF65-7EAED11DEC14}.DebugStatic|Win32.ActiveCfg = Debug|Win32
		{811670D3-B094-569A-BF65-7EAED11DEC14}.DebugStatic|Win32.Build.0 = Debug|Win32
		{811670D3-B094-569A-BF65-7EAED11DEC14}.DebugStatic|x64.ActiveCfg = Debug|x64
		{811670D3-B094-569A-BF65-7EAED11DEC14}.DebugStatic|x64.Build.0 = Debug|x64
		{811670D3-B094-569A-BF65-7EAED11DEC14}.DLL Debug|Win32.ActiveCfg = Debug|Win32
		{811670D3-B094-569A-BF65-7EAED11DEC14}.DLL Debug|Win32.Build.0 = Debug|Win32
		{811670D3-B094-569A-BF65-7EAED11DEC14}.DLL Debug|x64.ActiveCfg = Release|Win32
		{811670D3-B094-569A-BF65-7EAED11DEC14}.DLL Debug|x64.Build.0 = Release|Win32
		{811670D3-B094-569A-BF65-7EAED11DEC14}.DLL Release|Win32.ActiveCfg = Release|Win32
		{811670D3-B094-569A-BF65-7EAED11DEC14}.DLL Release|Win32.Build.0 = Release|Win32
		{811670D3-B094-569A-BF65-7EAED11DEC14}.DLL Release|x64.ActiveCfg = Release|Win32
		{811670D3-B094-569A-BF65-7EAED11DEC14}.DLL Release|x64.Build.0 = Release|Win32
		{811670D3-B094-569A-BF65-7EAED11DEC14}.Release|Win32.ActiveCfg = Release|Win32
		{811670D3-B094-569A-BF65-7EAED11DEC14}.Release|Win32.Build.0 = Release|Win32
		{811670D3-B094-569A-BF65-7EAED11DEC14}.Release|x64.ActiveCfg = Release|x64
		{811670D3-B094-569A-BF65-7EAED11DEC14}.ReleaseStatic|Win32.ActiveCfg = Release|Win32
		{811670D3-B094-569A-BF65-7EAED11DEC14}.ReleaseStatic|Win32.Build.0 = Release|Win32
		{811670D3-B094-569A-BF65-7EAED11DEC14}.ReleaseStatic|x64.ActiveCfg = Release|x64
		{811670D3-B094-569A-BF65-7EAED11DEC14}.ReleaseStatic|x64.Build.0 = Release|x64
		{27D0067A-8534-56E2-A734-799F4A6CE894}.Debug|Win32.ActiveCfg = Debug|Win32
		{27D0067A-8534-56E2-A734-799F4A6CE894}.Debug|Win32.Build.0 = Debug|Win32
		{27D0067A-8534-56E2-A734-799F4A6CE894}.Debug|x64.ActiveCfg = Debug|x64
		{27D0067A-8534-56E2-A734-799F4A6CE894}.DebugStatic|Win32.ActiveCfg = Debug|Win32
		{27D0067A-8534-56E2-A734-799F4A6CE894}.DebugStatic|Win32.Build.0 = Debug|Win32
		{27D0067A-8534-56E2-A734-799F4A6CE894}.DebugStatic|x64.ActiveCfg = Debug|x64
		{27D0067A-8534-56E2-A734-799F4A6CE894}.DebugStatic|x64.Build.0 = Debug|x64
		{27D0067A-8534-56E2-A734-799F4A6CE894}.DLL Debug|Win32.ActiveCfg = Debug|Win32
		{27D0067A-8534-56E2-A734-799F4A6CE894}.DLL Debug|Win32.Build.0 = Debug|Win32
		{27D0067A-8534-56E2-A734-799F4A6CE894}.DLL Debug|x64.ActiveCfg = Release|Win32
		{27D0067A-8534-56E2-A734-799F4A6CE894}.DLL Debug|x64.Build.0 = Release|Win32
		{27D0067A-8534-56E2-A734-799F4A6CE894}.DLL Release|Win32.ActiveCfg = Release|Win32
		{27D0067A-8534-56E2-A734-799F4A6CE894}.DLL Release|Win32.Build.0 = Release|Win32
		{27D0067A-8534-56E2-A734-799F4A6CE894}.DLL Release|x64.ActiveCfg = Release|Win32
		{27D0067A-8534-56E2-A734-799F4A6CE894}.DLL Release|x64.Build.0 = Release|Win32
		{27D0067A-8534-56E2-A734-799F4A6CE894}.Release|Win32.ActiveCfg = Release|Win32
		{27D0067A-8534-56E2-A734-799F4A6CE894}.Release|Win32.Build.0 = Release|Win32
		{27D0067A-8534-56E2-A734-799F4A6CE894}.Release|x64.ActiveCfg = Release|Win32
		{27D0067A-8534-56E2-A734-799F4A6CE894}.ReleaseStatic|Win32.ActiveCfg = Release|Win32
		{27D0067A-8534-56E2-A734-799F4A6CE894}.ReleaseStatic|Win32.Build.0 = Release|Win32
		{27D0067A-8534-56E2-A734-799F4A6CE894}.ReleaseStatic|x64.ActiveCfg = Debug|x64
		{27D0067A-8534-56E2-A734-799F4A6CE894}.ReleaseStatic|x64.Build.0 = Debug|x64
		{30E912D3-2B6D-5358-81F3-7CF96781F735}.Debug|Win32.ActiveCfg = Debug|Win32
		{30E912D3-2B6D-5358-81F3-7CF96781F735}.Debug|Win32.Build.0 = Debug|Win32
		{30E912D3-2B6D-5358-81F3-7CF96781F735}.Debug|x64.ActiveCfg = Debug|x64
		{30E912D3-2B6D-5358-81F3-7CF96781F735}.DebugStatic|Win32.ActiveCfg = Debug|Win32
		{30E912D3-2B6D-5358-81F3-7CF96781F735}.DebugStatic|Win32.Build.0 = Debug|Win32
		{30E912D3-2B6D-5358-81F3-7CF96781F735}.DebugStatic|x64.ActiveCfg = Debug|x64
		{30E912D3-2B6D-5358-81F3-7CF96781F735}.DebugStatic|x64.Build.0 = Debug|x64
		{30E912D3-2B6D-5358-81F3-7CF96781F735}.DLL Debug|Win32.ActiveCfg = Debug|Win32
		{30E912D3-2B6D-5358-81F3-7CF96781F735}.DLL Debug|Win32.Build.0 = Debug|Win32
		{30E912D3-2B6D-5358-81F3-7CF96781F735}.DLL Debug|x64.ActiveCfg = Release|Win32
		{30E912D3-2B6D-5358-81F3-7CF96781F735}.DLL Debug|x64.Build.0 = Release|Win32
		{30E912D3-2B6D-5358-81F3-7CF96781F735}.DLL Release|Win32.ActiveCfg = Release|Win32
		{30E912D3-2B6D-5358-81F3-7CF96781F735}.DLL Release|Win32.Build.0 = Release|Win32
		{30E912D3-2B6D-5358-81F3-7CF96781F735}.DLL Release|x64.ActiveCfg = Release|Win32
		{30E912D3-2B6D-5358-81F3-7CF96781F735}.DLL Release|x64.Build.0 = Release|Win32
		{30E912D3-2B6D-5358-81F3-7CF96781F735}.Release|Win32.ActiveCfg = Release|Win32
		{30E912D3-2B6D-5358-81F3-7CF96781F735}.Release|Win32.Build.0 = Release|Win32
		{30E912D3-2B6D-5358-81F3-7CF96781F735}.Release|x64.ActiveCfg = Release|Win32
		{30E912D3-2B6D-5358-81F3-7CF96781F735}.ReleaseStatic|Win32.ActiveCfg = Release|Win32
		{30E912D3-2B6D-5358-81F3-7CF96781F735}.ReleaseStatic|Win32.Build.0 = Release|Win32
		{30E912D3-2B6D-5358-81F3-7CF96781F735}.ReleaseStatic|x64.ActiveCfg = Debug|x64
		{30E912D3-2B6D-5358-81F3-7CF96781F735}.ReleaseStatic|x64.Build.0 = Debug|x64
		{684765B4-9ACC-4211-B399-A768A9EB9B86}.Debug|Win32.ActiveCfg = Debug|Win32
		{684765B4-9ACC-4211-B399-A768A9EB9B86}.Debug|Win32.Build.0 = Debug|Win32
		{684765B4-9ACC-4211-B399-A768A9EB9B86}.Debug|x64.ActiveCfg = Debug|x64
		{684765B4-9ACC-4211-B399-A768A9EB9B86}.DebugStatic|Win32.ActiveCfg = Debug|Win32
		{684765B4-9ACC-4211-B399-A768A9EB9B86}.DebugStatic|Win32.Build.0 = Debug|Win32
		{684765B4-9ACC-4211-B399-A768A9EB9B86}.DebugStatic|x64.ActiveCfg = Debug|x64
		{684765B4-9ACC-4211-B399-A768A9EB9B86}.DebugStatic|x64.Build.0 = Debug|x64
		{684765B4-9ACC-4211-B399-A768A9EB9B86}.DLL Debug|Win32.ActiveCfg = DLL Debug|Win32
		{684765B4-9ACC-4211-B399-A768A9EB9B86}.DLL Debug|Win32.Build.0 = DLL Debug|Win32
		{684765B4-9ACC-4211-B399-A768A9EB9B86}.DLL Debug|x64.ActiveCfg = DLL Debug|Win32
		{684765B4-9ACC-4211-B399-A768A9EB9B86}.DLL Release|Win32.ActiveCfg = DLL Release|Win32
		{684765B4-9ACC-4211-B399-A768A9EB9B86}.DLL Release|Win32.Build.0 = DLL Release|Win32
		{684765B4-9ACC-4211-B399-A768A9EB9B86}.DLL Release|x64.ActiveCfg = DLL Release|Win32
		{684765B4-9ACC-4211-B399-A768A9EB9B86}.Release|Win32.ActiveCfg = Release|Win32
		{684765B4-9ACC-4211-B399-A768A9EB9B86}.Release|Win32.Build.0 = Release|Win32
		{684765B4-9ACC-4211-B399-A768A9EB9B86}.Release|x64.ActiveCfg = Release|Win32
		{684765B4-9ACC-4211-B399-A768A9EB9B86}.ReleaseStatic|Win32.ActiveCfg = Release|Win32
		{684765B4-9ACC-4211-B399-A768A9EB9B86}.ReleaseStatic|Win32.Build.0 = Release|Win32
		{684765B4-9ACC-4211-B399-A768A9EB9B86}.ReleaseStatic|x64.ActiveCfg = Debug|x64
		{684765B4-9ACC-4211-B399-A768A9EB9B86}.ReleaseStatic|x64.Build.0 = Debug|x64
		{08A715D4-9DF0-4460-96A5-D992FCF56C9D}.Debug|Win32.ActiveCfg = Debug|Win32
		{08A715D4-9DF0-4460-96A5-D992FCF56C9D}.Debug|Win32.Build.0 = Debug|Win32
		{08A715D4-9DF0-4460-96A5-D992FCF56C9D}.Debug|x64.ActiveCfg = Debug|x64
		{08A715D4-9DF0-4460-96A5-D992FCF56C9D}.DebugStatic|Win32.ActiveCfg = Debug|Win32
		{08A715D4-9DF0-4460-96A5-D992FCF56C9D}.DebugStatic|Win32.Build.0 = Debug|Win32
		{08A715D4-9DF0-4460-96A5-D992FCF56C9D}.DebugStatic|x64.ActiveCfg = Debug|x64
		{08A715D4-9DF0-4460-96A5-D992FCF56C9D}.DebugStatic|x64.Build.0 = Debug|x64
		{08A715D4-9DF0-4460-96A5-D992FCF56C9D}.DLL Debug|Win32.ActiveCfg = DLL Debug|Win32
		{08A715D4-9DF0-4460-96A5-D992FCF56C9D}.DLL Debug|Win32.Build.0 = DLL Debug|Win32
		{08A715D4-9DF0-4460-96A5-D992FCF56C9D}.DLL Debug|x64.ActiveCfg = DLL Debug|Win32
		{08A715D4-9DF0-4460-96A5-D992FCF56C9D}.DLL Release|Win32.ActiveCfg = DLL Release|Win32
		{08A715D4-9DF0-4460-96A5-D992FCF56C9D}.DLL Release|Win32.Build.0 = DLL Release|Win32
		{08A715D4-9DF0-4460-96A5-D992FCF56C9D}.DLL Release|x64.ActiveCfg = DLL Release|Win32
		{08A715D4-9DF0-4460-96A5-D992FCF56C9D}.Release|Win32.ActiveCfg = Release|Win32
		{08A715D4-9DF0-4460-96A5-D992FCF56C9D}.Release|Win32.Build.0 = Release|Win32
		{08A715D4-9DF0-4460-96A5-D992FCF56C9D}.Release|x64.ActiveCfg = Release|Win32
		{08A715D4-9DF0-4460-96A5-D992FCF56C9D}.ReleaseStatic|Win32.ActiveCfg = Release|Win32
		{08A715D4-9DF0-4460-96A5-D992FCF56C9D}.ReleaseStatic|Win32.Build.0 = Release|Win32
		{08A715D4-9DF0-4460-96A5-D992FCF56C9D}.ReleaseStatic|x64.ActiveCfg = Debug|x64
		{08A715D4-9DF0-4460-96A5-D992FCF56C9D}.ReleaseStatic|x64.Build.0 = Debug|x64
		{22A78190-F3C1-4C37-9289-43FA8171CFF8}.Debug|Win32.ActiveCfg = Debug|Win32
		{22A78190-F3C1-4C37-9289-43FA8171CFF8}.Debug|Win32.Build.0 = Debug|Win32
		{22A78190-F3C1-4C37-9289-43FA8171CFF8}.Debug|x64.ActiveCfg = Debug|x64
		{22A78190-F3C1-4C37-9289-43FA8171CFF8}.DebugStatic|Win32.ActiveCfg = Debug|Win32
		{22A78190-F3C1-4C37-9289-43FA8171CFF8}.DebugStatic|Win32.Build.0 = Debug|Win32
		{22A78190-F3C1-4C37-9289-43FA8171CFF8}.DebugStatic|x64.ActiveCfg = Debug|x64
		{22A78190-F3C1-4C37-9289-43FA8171CFF8}.DebugStatic|x64.Build.0 = Debug|x64
		{22A78190-F3C1-4C37-9289-43FA8171CFF8}.DLL Debug|Win32.ActiveCfg = DLL Debug|Win32
		{22A78190-F3C1-4C37-9289-43FA8171CFF8}.DLL Debug|Win32.Build.0 = DLL Debug|Win32
		{22A78190-F3C1-4C37-9289-43FA8171CFF8}.DLL Debug|x64.ActiveCfg = DLL Debug|Win32
		{22A78190-F3C1-4C37-9289-43FA8171CFF8}.DLL Release|Win32.ActiveCfg = DLL Release|Win32
		{22A78190-F3C1-4C37-9289-43FA8171CFF8}.DLL Release|Win32.Build.0 = DLL Release|Win32
		{22A78190-F3C1-4C37-9289-43FA8171CFF8}.DLL Release|x64.ActiveCfg = DLL Release|Win32
		{22A78190-F3C1-4C37-9289-43FA8171CFF8}.Release|Win32.ActiveCfg = Release|Win32
		{22A78190-F3C1-4C37-9289-43FA8171CFF8}.Release|Win32.Build.0 = Release|Win32
		{22A78190-F3C1-4C37-9289-43FA8171CFF8}.Release|x64.ActiveCfg = Release|Win32
		{22A78190-F3C1-4C37-9289-43FA8171CFF8}.ReleaseStatic|Win32.ActiveCfg = Release|Win32
		{22A78190-F3C1-4C37-9289-43FA8171CFF8}.ReleaseStatic|Win32.Build.0 = Release|Win32
		{22A78190-F3C1-4C37-9289-43FA8171CFF8}.ReleaseStatic|x64.ActiveCfg = Debug|x64
		{22A78190-F3C1-4C37-9289-43FA8171CFF8}.ReleaseStatic|x64.Build.0 = Debug|x64
		{3E6DCA27-5FA3-53EC-BBD6-2D42294B7AE6}.Debug|Win32.ActiveCfg = Debug|Win32
		{3E6DCA27-5FA3-53EC-BBD6-2D42294B7AE6}.Debug|Win32.Build.0 = Debug|Win32
		{3E6DCA27-5FA3-53EC-BBD6-2D42294B7AE6}.Debug|x64.ActiveCfg = Debug|x64
		{3E6DCA27-5FA3-53EC-BBD6-2D42294B7AE6}.Debug|x64.Build.0 = Debug|x64
		{3E6DCA27-5FA3-53EC-BBD6-2D42294B7AE6}.DebugStatic|Win32.ActiveCfg = Debug|Win32
		{3E6DCA27-5FA3-53EC-BBD6-2D42294B7AE6}.DebugStatic|x64.ActiveCfg = Debug|x64
		{3E6DCA27-5FA3-53EC-BBD6-2D42294B7AE6}.DLL Debug|Win32.ActiveCfg = DLL Debug|Win32
		{3E6DCA27-5FA3-53EC-BBD6-2D42294B7AE6}.DLL Debug|Win32.Build.0 = DLL Debug|Win32
		{3E6DCA27-5FA3-53EC-BBD6-2D42294B7AE6}.DLL Debug|x64.ActiveCfg = DLL Debug|x64
		{3E6DCA27-5FA3-53EC-BBD6-2D42294B7AE6}.DLL Debug|x64.Build.0 = DLL Debug|x64
		{3E6DCA27-5FA3-53EC-BBD6-2D42294B7AE6}.DLL Release|Win32.ActiveCfg = DLL Release|Win32
		{3E6DCA27-5FA3-53EC-BBD6-2D42294B7AE6}.DLL Release|Win32.Build.0 = DLL Release|Win32
		{3E6DCA27-5FA3-53EC-BBD6-2D42294B7AE6}.DLL Release|x64.ActiveCfg = DLL Release|x64
		{3E6DCA27-5FA3-53EC-BBD6-2D42294B7AE6}.DLL Release|x64.Build.0 = DLL Release|x64
		{3E6DCA27-5FA3-53EC-BBD6-2D42294B7AE6}.Release|Win32.ActiveCfg = Release|Win32
		{3E6DCA27-5FA3-53EC-BBD6-2D42294B7AE6}.Release|Win32.Build.0 = Release|Win32
		{3E6DCA27-5FA3-53EC-BBD6-2D42294B7AE6}.Release|x64.ActiveCfg = Release|x64
		{3E6DCA27-5FA3-53EC-BBD6-2D42294B7AE6}.Release|x64.Build.0 = Release|x64
		{3E6DCA27-5FA3-53EC-BBD6-2D42294B7AE6}.ReleaseStatic|Win32.ActiveCfg = Release|Win32
		{3E6DCA27-5FA3-53EC-BBD6-2D42294B7AE6}.ReleaseStatic|x64.ActiveCfg = Release|x64
		{6053CC38-CDEE-584C-8BC8-4B000D800FC7}.Debug|Win32.ActiveCfg = Debug|Win32
		{6053CC38-CDEE-584C-8BC8-4B000D800FC7}.Debug|Win32.Build.0 = Debug|Win32
		{6053CC38-CDEE-584C-8BC8-4B000D800FC7}.Debug|x64.ActiveCfg = Debug|x64
		{6053CC38-CDEE-584C-8BC8-4B000D800FC7}.Debug|x64.Build.0 = Debug|x64
		{6053CC38-CDEE-584C-8BC8-4B000D800FC7}.DebugStatic|Win32.ActiveCfg = Debug|Win32
		{6053CC38-CDEE-584C-8BC8-4B000D800FC7}.DebugStatic|x64.ActiveCfg = Debug|x64
		{6053CC38-CDEE-584C-8BC8-4B000D800FC7}.DLL Debug|Win32.ActiveCfg = DLL Debug|Win32
		{6053CC38-CDEE-584C-8BC8-4B000D800FC7}.DLL Debug|Win32.Build.0 = DLL Debug|Win32
		{6053CC38-CDEE-584C-8BC8-4B000D800FC7}.DLL Debug|x64.ActiveCfg = DLL Debug|x64
		{6053CC38-CDEE-584C-8BC8-4B000D800FC7}.DLL Debug|x64.Build.0 = DLL Debug|x64
		{6053CC38-CDEE-584C-8BC8-4B000D800FC7}.DLL Release|Win32.ActiveCfg = DLL Release|Win32
		{6053CC38-CDEE-584C-8BC8-4B000D800FC7}.DLL Release|Win32.Build.0 = DLL Release|Win32
		{6053CC38-CDEE-584C-8BC8-4B000D800FC7}.DLL Release|x64.ActiveCfg = DLL Release|x64
		{6053CC38-CDEE-584C-8BC8-4B000D800FC7}.DLL Release|x64.Build.0 = DLL Release|x64
		{6053CC38-CDEE-584C-8BC8-4B000D800FC7}.Release|Win32.ActiveCfg = Release|Win32
		{6053CC38-CDEE-584C-8BC8-4B000D800FC7}.Release|Win32.Build.0 = Release|Win32
		{6053CC38-CDEE-584C-8BC8-4B000D800FC7}.Release|x64.ActiveCfg = Release|x64
		{6053CC38-CDEE-584C-8BC8-4B000D800FC7}.Release|x64.Build.0 = Release|x64
		{6053CC38-CDEE-584C-8BC8-4B000D800FC7}.ReleaseStatic|Win32.ActiveCfg = Release|Win32
		{6053CC38-CDEE-584C-8BC8-4B000D800FC7}.ReleaseStatic|x64.ActiveCfg = Release|x64
		{75596CE6-5AE7-55C9-B890-C07B0A657A83}.Debug|Win32.ActiveCfg = Debug|Win32
		{75596CE6-5AE7-55C9-B890-C07B0A657A83}.Debug|Win32.Build.0 = Debug|Win32
		{75596CE6-5AE7-55C9-B890-C07B0A657A83}.Debug|x64.ActiveCfg = Debug|x64
		{75596CE6-5AE7-55C9-B890-C07B0A657A83}.Debug|x64.Build.0 = Debug|x64
		{75596CE6-5AE7-55C9-B890-C07B0A657A83}.DebugStatic|Win32.ActiveCfg = Debug|Win32
		{75596CE6-5AE7-55C9-B890-C07B0A657A83}.DebugStatic|x64.ActiveCfg = Debug|x64
		{75596CE6-5AE7-55C9-B890-C07B0A657A83}.DLL Debug|Win32.ActiveCfg = DLL Debug|Win32
		{75596CE6-5AE7-55C9-B890-C07B0A657A83}.DLL Debug|Win32.Build.0 = DLL Debug|Win32
		{75596CE6-5AE7-55C9-B890-C07B0A657A83}.DLL Debug|x64.ActiveCfg = DLL Debug|x64
		{75596CE6-5AE7-55C9-B890-C07B0A657A83}.DLL Debug|x64.Build.0 = DLL Debug|x64
		{75596CE6-5AE7-55C9-B890-C07B0A657A83}.DLL Release|Win32.ActiveCfg = DLL Release|Win32
		{75596CE6-5AE7-55C9-B890-C07B0A657A83}.DLL Release|Win32.Build.0 = DLL Release|Win32
		{75596CE6-5AE7-55C9-B890-C07B0A657A83}.DLL Release|x64.ActiveCfg = DLL Release|x64
		{75596CE6-5AE7-55C9-B890-C07B0A657A83}.DLL Release|x64.Build.0 = DLL Release|x64
		{75596CE6-5AE7-55C9-B890-C07B0A657A83}.Release|Win32.ActiveCfg = Release|Win32
		{75596CE6-5AE7-55C9-B890-C07B0A657A83}.Release|Win32.Build.0 = Release|Win32
		{75596CE6-5AE7-55C9-B890-C07B0A657A83}.Release|x64.ActiveCfg = Release|x64
		{75596CE6-5AE7-55C9-B890-C07B0A657A83}.Release|x64.Build.0 = Release|x64
		{75596CE6-5AE7-55C9-B890-C07B0A657A83}.ReleaseStatic|Win32.ActiveCfg = Release|Win32
		{75596CE6-5AE7-55C9-B890-C07B0A657A83}.ReleaseStatic|x64.ActiveCfg = Release|x64
		{8B867186-A0B5-5479-B824-E176EDD27C40}.Debug|Win32.ActiveCfg = Debug|Win32
		{8B867186-A0B5-5479-B824-E176EDD27C40}.Debug|Win32.Build.0 = Debug|Win32
		{8B867186-A0B5-5479-B824-E176EDD27C40}.Debug|x64.ActiveCfg = Debug|x64
		{8B867186-A0B5-5479-B824-E176EDD27C40}.Debug|x64.Build.0 = Debug|x64
		{8B867186-A0B5-5479-B824-E176EDD27C40}.DebugStatic|Win32.ActiveCfg = Debug|Win32
		{8B867186-A0B5-5479-B824-E176EDD27C40}.DebugStatic|x64.ActiveCfg = Debug|x64
		{8B867186-A0B5-5479-B824-E176EDD27C40}.DLL Debug|Win32.ActiveCfg = DLL Debug|Win32
		{8B867186-A0B5-5479-B824-E176EDD27C40}.DLL Debug|Win32.Build.0 = DLL Debug|Win32
		{8B867186-A0B5-5479-B824-E176EDD27C40}.DLL Debug|x64.ActiveCfg = DLL Debug|x64
		{8B867186-A0B5-5479-B824-E176EDD27C40}.DLL Debug|x64.Build.0 = DLL Debug|x64
		{8B867186-A0B5-5479-B824-E176EDD27C40}.DLL Release|Win32.ActiveCfg = DLL Release|Win32
		{8B867186-A0B5-5479-B824-E176EDD27C40}.DLL Release|Win32.Build.0 = DLL Release|Win32
		{8B867186-A0B5-5479-B824-E176EDD27C40}.DLL Release|x64.ActiveCfg = DLL Release|x64
		{8B867186-A0B5-5479-B824-E176EDD27C40}.DLL Release|x64.Build.0 = DLL Release|x64
		{8B867186-A0B5-5479-B824-E176EDD27C40}.Release|Win32.ActiveCfg = Release|Win32
		{8B867186-A0B5-5479-B824-E176EDD27C40}.Release|Win32.Build.0 = Release|Win32
		{8B867186-A0B5-5479-B824-E176EDD27C40}.Release|x64.ActiveCfg = Release|x64
		{8B867186-A0B5-5479-B824-E176EDD27C40}.Release|x64.Build.0 = Release|x64
		{8B867186-A0B5-5479-B824-E176EDD27C40}.ReleaseStatic|Win32.ActiveCfg = Release|Win32
		{8B867186-A0B5-5479-B824-E176EDD27C40}.ReleaseStatic|x64.ActiveCfg = Release|x64
		{69F2EDE4-7D21-5738-9BC0-F66F61C9AE00}.Debug|Win32.ActiveCfg = Debug|Win32
		{69F2EDE4-7D21-5738-9BC0-F66F61C9AE00}.Debug|Win32.Build.0 = Debug|Win32
		{69F2EDE4-7D21-5738-9BC0-F66F61C9AE00}.Debug|x64.ActiveCfg = Debug|x64
		{69F2EDE4-7D21-5738-9BC0-F66F61C9AE00}.Debug|x64.Build.0 = Debug|x64
		{69F2EDE4-7D21-5738-9BC0-F66F61C9AE00}.DebugStatic|Win32.ActiveCfg = Debug|Win32
		{69F2EDE4-7D21-5738-9BC0-F66F61C9AE00}.DebugStatic|x64.ActiveCfg = Debug|x64
		{69F2EDE4-7D21-5738-9BC0-F66F61C9AE00}.DLL Debug|Win32.ActiveCfg = DLL Debug|Win32
		{69F2EDE4-7D21-5738-9BC0-F66F61C9AE00}.DLL Debug|Win32.Build.0 = DLL Debug|Win32
		{69F2EDE4-7D21-5738-9BC0-F66F61C9AE00}.DLL Debug|x64.ActiveCfg = DLL Debug|x64
		{69F2EDE4-7D21-5738-9BC0-F66F61C9AE00}.DLL Debug|x64.Build.0 = DLL Debug|x64
		{69F2EDE4-7D21-5738-9BC0-F66F61C9AE00}.DLL Release|Win32.ActiveCfg = DLL Release|Win32
		{69F2EDE4-7D21-5738-9BC0-F66F61C9AE00}.DLL Release|Win32.Build.0 = DLL Release|Win32
		{69F2EDE4-7D21-5738-9BC0-F66F61C9AE00}.DLL Release|x64.ActiveCfg = DLL Release|x64
		{69F2EDE4-7D21-5738-9BC0-F66F61C9AE00}.DLL Release|x64.Build.0 = DLL Release|x64
		{69F2EDE4-7D21-5738-9BC0-F66F61C9AE00}.Release|Win32.ActiveCfg = Release|Win32
		{69F2EDE4-7D21-5738-9BC0-F66F61C9AE00}.Release|Win32.Build.0 = Release|Win32
		{69F2EDE4-7D21-5738-9BC0-F66F61C9AE00}.Release|x64.ActiveCfg = Release|x64
		{69F2EDE4-7D21-5738-9BC0-F66F61C9AE00}.Release|x64.Build.0 = Release|x64
		{69F2EDE4-7D21-5738-9BC0-F66F61C9AE00}.ReleaseStatic|Win32.ActiveCfg = Release|Win32
		{69F2EDE4-7D21-5738-9BC0-F66F61C9AE00}.ReleaseStatic|x64.ActiveCfg = Release|x64
		{ECE37368-83BE-5185-8B2D-616614BDBC85}.Debug|Win32.ActiveCfg = Debug|Win32
		{ECE37368-83BE-5185-8B2D-616614BDBC85}.Debug|Win32.Build.0 = Debug|Win32
		{ECE37368-83BE-5185-8B2D-616614BDBC85}.Debug|x64.ActiveCfg = Debug|x64
		{ECE37368-83BE-5185-8B2D-616614BDBC85}.Debug|x64.Build.0 = Debug|x64
		{ECE37368-83BE-5185-8B2D-616614BDBC85}.DebugStatic|Win32.ActiveCfg = DebugStatic|Win32
		{ECE37368-83BE-5185-8B2D-616614BDBC85}.DebugStatic|Win32.Build.0 = DebugStatic|Win32
		{ECE37368-83BE-5185-8B2D-616614BDBC85}.DebugStatic|x64.ActiveCfg = DebugStatic|x64
		{ECE37368-83BE-5185-8B2D-616614BDBC85}.DebugStatic|x64.Build.0 = DebugStatic|x64
		{ECE37368-83BE-5185-8B2D-616614BDBC85}.DLL Debug|Win32.ActiveCfg = Debug|Win32
		{ECE37368-83BE-5185-8B2D-616614BDBC85}.DLL Debug|Win32.Build.0 = Debug|Win32
		{ECE37368-83BE-5185-8B2D-616614BDBC85}.DLL Debug|x64.ActiveCfg = Debug|x64
		{ECE37368-83BE-5185-8B2D-616614BDBC85}.DLL Debug|x64.Build.0 = Debug|x64
		{ECE37368-83BE-5185-8B2D-616614BDBC85}.DLL Release|Win32.ActiveCfg = Release|Win32
		{ECE37368-83BE-5185-8B2D-616614BDBC85}.DLL Release|Win32.Build.0 = Release|Win32
		{ECE37368-83BE-5185-8B2D-616614BDBC85}.DLL Release|x64.ActiveCfg = Release|x64
		{ECE37368-83BE-5185-8B2D-616614BDBC85}.DLL Release|x64.Build.0 = Release|x64
		{ECE37368-83BE-5185-8B2D-616614BDBC85}.Release|Win32.ActiveCfg = Release|Win32
		{ECE37368-83BE-5185-8B2D-616614BDBC85}.Release|Win32.Build.0 = Release|Win32
		{ECE37368-83BE-5185-8B2D-616614BDBC85}.Release|x64.ActiveCfg = Release|x64
		{ECE37368-83BE-5185-8B2D-616614BDBC85}.Release|x64.Build.0 = Release|x64
		{ECE37368-83BE-5185-8B2D-616614BDBC85}.ReleaseStatic|Win32.ActiveCfg = ReleaseStatic|Win32
		{ECE37368-83BE-5185-8B2D-616614BDBC85}.ReleaseStatic|Win32.Build.0 = ReleaseStatic|Win32
		{ECE37368-83BE-5185-8B2D-616614BDBC85}.ReleaseStatic|x64.ActiveCfg = ReleaseStatic|x64
		{ECE37368-83BE-5185-8B2D-616614BDBC85}.ReleaseStatic|x64.Build.0 = ReleaseStatic|x64
		{E57D0B5F-C061-47B8-B08B-FBBD73048EB5}.Debug|Win32.ActiveCfg = Debug|Win32
		{E57D0B5F-C061-47B8-B08B-FBBD73048EB5}.Debug|Win32.Build.0 = Debug|Win32
		{E57D0B5F-C061-47B8-B08B-FBBD73048EB5}.Debug|x64.ActiveCfg = Debug|x64
		{E57D0B5F-C061-47B8-B08B-FBBD73048EB5}.Debug|x64.Build.0 = Debug|x64
		{E57D0B5F-C061-47B8-B08B-FBBD73048EB5}.DebugStatic|Win32.ActiveCfg = DebugStatic|Win32
		{E57D0B5F-C061-47B8-B08B-FBBD73048EB5}.DebugStatic|Win32.Build.0 = DebugStatic|Win32
		{E57D0B5F-C061-47B8-B08B-FBBD73048EB5}.DebugStatic|x64.ActiveCfg = DebugStatic|x64
		{E57D0B5F-C061-47B8-B08B-FBBD73048EB5}.DebugStatic|x64.Build.0 = DebugStatic|x64
		{E57D0B5F-C061-47B8-B08B-FBBD73048EB5}.DLL Debug|Win32.ActiveCfg = Debug|Win32
		{E57D0B5F-C061-47B8-B08B-FBBD73048EB5}.DLL Debug|Win32.Build.0 = Debug|Win32
		{E57D0B5F-C061-47B8-B08B-FBBD73048EB5}.DLL Debug|x64.ActiveCfg = Debug|x64
		{E57D0B5F-C061-47B8-B08B-FBBD73048EB5}.DLL Debug|x64.Build.0 = Debug|x64
		{E57D0B5F-C061-47B8-B08B-FBBD73048EB5}.DLL Release|Win32.ActiveCfg = Release|Win32
		{E57D0B5F-C061-47B8-B08B-FBBD73048EB5}.DLL Release|Win32.Build.0 = Release|Win32
		{E57D0B5F-C061-47B8-B08B-FBBD73048EB5}.DLL Release|x64.ActiveCfg = Release|x64
		{E57D0B5F-C061-47B8-B08B-FBBD73048EB5}.DLL Release|x64.Build.0 = Release|x64
		{E57D0B5F-C061-47B8-B08B-FBBD73048EB5}.Release|Win32.ActiveCfg = Release|Win32
		{E57D0B5F-C061-47B8-B08B-FBBD73048EB5}.Release|Win32.Build.0 = Release|Win32
		{E57D0B5F-C061-47B8-B08B-FBBD73048EB5}.Release|x64.ActiveCfg = Release|x64
		{E57D0B5F-C061-47B8-B08B-FBBD73048EB5}.Release|x64.Build.0 = Release|x64
		{E57D0B5F-C061-47B8-B08B-FBBD73048EB5}.ReleaseStatic|Win32.ActiveCfg = ReleaseStatic|Win32
		{E57D0B5F-C061-47B8-B08B-FBBD73048EB5}.ReleaseStatic|Win32.Build.0 = ReleaseStatic|Win32
		{E57D0B5F-C061-47B8-B08B-FBBD73048EB5}.ReleaseStatic|x64.ActiveCfg = ReleaseStatic|x64
		{E57D0B5F-C061-47B8-B08B-FBBD73048EB5}.ReleaseStatic|x64.Build.0 = ReleaseStatic|x64
		{3A0EC959-E97B-4B57-B019-A3B1BC312ED9}.Debug|Win32.ActiveCfg = Debug|Win32
		{3A0EC959-E97B-4B57-B019-A3B1BC312ED9}.Debug|Win32.Build.0 = Debug|Win32
		{3A0EC959-E97B-4B57-B019-A3B1BC312ED9}.Debug|x64.ActiveCfg = Debug|x64
		{3A0EC959-E97B-4B57-B019-A3B1BC312ED9}.Debug|x64.Build.0 = Debug|x64
		{3A0EC959-E97B-4B57-B019-A3B1BC312ED9}.DebugStatic|Win32.ActiveCfg = DebugStatic|Win32
		{3A0EC959-E97B-4B57-B019-A3B1BC312ED9}.DebugStatic|Win32.Build.0 = DebugStatic|Win32
		{3A0EC959-E97B-4B57-B019-A3B1BC312ED9}.DebugStatic|x64.ActiveCfg = DebugStatic|x64
		{3A0EC959-E97B-4B57-B019-A3B1BC312ED9}.DebugStatic|x64.Build.0 = DebugStatic|x64
		{3A0EC959-E97B-4B57-B019-A3B1BC312ED9}.DLL Debug|Win32.ActiveCfg = Debug|Win32
		{3A0EC959-E97B-4B57-B019-A3B1BC312ED9}.DLL Debug|Win32.Build.0 = Debug|Win32
		{3A0EC959-E97B-4B57-B019-A3B1BC312ED9}.DLL Debug|x64.ActiveCfg = Debug|x64
		{3A0EC959-E97B-4B57-B019-A3B1BC312ED9}.DLL Debug|x64.Build.0 = Debug|x64
		{3A0EC959-E97B-4B57-B019-A3B1BC312ED9}.DLL Release|Win32.ActiveCfg = Release|Win32
		{3A0EC959-E97B-4B57-B019-A3B1BC312ED9}.DLL Release|Win32.Build.0 = Release|Win32
		{3A0EC959-E97B-4B57-B019-A3B1BC312ED9}.DLL Release|x64.ActiveCfg = Release|x64
		{3A0EC959-E97B-4B57-B019-A3B1BC312ED9}.DLL Release|x64.Build.0 = Release|x64
		{3A0EC959-E97B-4B57-B019-A3B1BC312ED9}.Release|Win32.ActiveCfg = Release|Win32
		{3A0EC959-E97B-4B57-B019-A3B1BC312ED9}.Release|Win32.Build.0 = Release|Win32
		{3A0EC959-E97B-4B57-B019-A3B1BC312ED9}.Release|x64.ActiveCfg = Release|x64
		{3A0EC959-E97B-4B57-B019-A3B1BC312ED9}.Release|x64.Build.0 = Release|x64
		{3A0EC959-E97B-4B57-B019-A3B1BC312ED9}.ReleaseStatic|Win32.ActiveCfg = ReleaseStatic|Win32
		{3A0EC959-E97B-4B57-B019-A3B1BC312ED9}.ReleaseStatic|Win32.Build.0 = ReleaseStatic|Win32
		{3A0EC959-E97B-4B57-B019-A3B1BC312ED9}.ReleaseStatic|x64.ActiveCfg = ReleaseStatic|x64
		{3A0EC959-E97B-4B57-B019-A3B1BC312ED9}.ReleaseStatic|x64.Build.0 = ReleaseStatic|x64
	EndGlobalSection
	GlobalSection(SolutionProperties) = preSolution
		HideSolutionNode = FALSE
	EndGlobalSection
	GlobalSection(NestedProjects) = preSolution
		{4F54F149-E1F3-5DFE-AF57-C0C99F9C46AA} = {C36D09C6-A73C-41B6-9569-F00EAFE7BD62}
		{C5D87DF1-B576-53DB-AE3A-12A3F6E98647} = {6B45A524-5052-456D-A24E-09D5E09C385C}
		{3823E1F3-1BDF-4CDB-85D5-D288FBEBD569} = {C36D09C6-A73C-41B6-9569-F00EAFE7BD62}
		{884D7A57-5DF6-4FD6-BDC5-F5FEAEA50CD5} = {C36D09C6-A73C-41B6-9569-F00EAFE7BD62}
		{0099832A-53F4-4C2E-8293-9C023284874D} = {C36D09C6-A73C-41B6-9569-F00EAFE7BD62}
		{CBFFFF79-193C-48C9-A5A9-09C67791149B} = {6B45A524-5052-456D-A24E-09D5E09C385C}
		{6384AC77-7C1D-4240-A607-274D097DF25F} = {6B45A524-5052-456D-A24E-09D5E09C385C}
		{3FCC50C2-81E9-5DB2-B8D8-2129427568B1} = {529F7D22-C02B-4757-94DB-F6E14657FF5F}
		{6744DAD8-9C70-574A-BFF2-9F8DDDB24A75} = {529F7D22-C02B-4757-94DB-F6E14657FF5F}
		{09F2F96A-1CC6-5E43-AF1D-956EC2A4888D} = {529F7D22-C02B-4757-94DB-F6E14657FF5F}
		{33CC42F9-7756-5587-863C-8D4461B7C5DD} = {529F7D22-C02B-4757-94DB-F6E14657FF5F}
		{01F4CE10-2CFB-41A8-B41F-E54337868A1D} = {529F7D22-C02B-4757-94DB-F6E14657FF5F}
		{A1A8355B-0988-528E-9CC2-B971D6266669} = {529F7D22-C02B-4757-94DB-F6E14657FF5F}
		{8ACC122A-CA6A-5AA6-9C97-9CDD2E533DB0} = {529F7D22-C02B-4757-94DB-F6E14657FF5F}
		{811670D3-B094-569A-BF65-7EAED11DEC14} = {529F7D22-C02B-4757-94DB-F6E14657FF5F}
		{27D0067A-8534-56E2-A734-799F4A6CE894} = {529F7D22-C02B-4757-94DB-F6E14657FF5F}
		{30E912D3-2B6D-5358-81F3-7CF96781F735} = {529F7D22-C02B-4757-94DB-F6E14657FF5F}
		{684765B4-9ACC-4211-B399-A768A9EB9B86} = {C36D09C6-A73C-41B6-9569-F00EAFE7BD62}
		{08A715D4-9DF0-4460-96A5-D992FCF56C9D} = {C36D09C6-A73C-41B6-9569-F00EAFE7BD62}
		{22A78190-F3C1-4C37-9289-43FA8171CFF8} = {6B45A524-5052-456D-A24E-09D5E09C385C}
		{3E6DCA27-5FA3-53EC-BBD6-2D42294B7AE6} = {529F7D22-C02B-4757-94DB-F6E14657FF5F}
		{6053CC38-CDEE-584C-8BC8-4B000D800FC7} = {529F7D22-C02B-4757-94DB-F6E14657FF5F}
		{75596CE6-5AE7-55C9-B890-C07B0A657A83} = {529F7D22-C02B-4757-94DB-F6E14657FF5F}
		{8B867186-A0B5-5479-B824-E176EDD27C40} = {529F7D22-C02B-4757-94DB-F6E14657FF5F}
		{69F2EDE4-7D21-5738-9BC0-F66F61C9AE00} = {529F7D22-C02B-4757-94DB-F6E14657FF5F}
		{ECE37368-83BE-5185-8B2D-616614BDBC85} = {529F7D22-C02B-4757-94DB-F6E14657FF5F}
		{E57D0B5F-C061-47B8-B08B-FBBD73048EB5} = {529F7D22-C02B-4757-94DB-F6E14657FF5F}
		{3A0EC959-E97B-4B57-B019-A3B1BC312ED9} = {529F7D22-C02B-4757-94DB-F6E14657FF5F}
	EndGlobalSection
	GlobalSection(ExtensibilityGlobals) = postSolution
		SolutionGuid = {0A0F95F1-0F68-41BE-AAFD-F5C54C936D73}
	EndGlobalSection
EndGlobal
