Microsoft Visual Studio Solution File, Format Version 12.00
# Visual Studio 15
VisualStudioVersion = 15.0.27703.2026
MinimumVisualStudioVersion = 10.0.40219.1
Project("{8BC9CEB8-8B4A-11D0-8D11-00A0C91BC942}") = "lmi", "lmi.vcxproj", "{30BD55A6-C40F-5756-9B7C-52B307C279E3}"
EndProject
Project("{8BC9CEB8-8B4A-11D0-8D11-00A0C91BC942}") = "libskeleton", "libskeleton.vcxproj", "{BAFF3465-DEA2-54BF-A9C7-F463CD7EBD23}"
EndProject
Project("{8BC9CEB8-8B4A-11D0-8D11-00A0C91BC942}") = "lmi_wx", "lmi_wx.vcxproj", "{B80F8C54-7B7C-5067-9288-0729FA44BDC3}"
	ProjectSection(ProjectDependencies) = postProject
		{BAFF3465-DEA2-54BF-A9C7-F463CD7EBD23} = {BAFF3465-DEA2-54BF-A9C7-F463CD7EBD23}
		{30BD55A6-C40F-5756-9B7C-52B307C279E3} = {30BD55A6-C40F-5756-9B7C-52B307C279E3}
		{811670D3-B094-569A-BF65-7EAED11DEC14} = {811670D3-B094-569A-BF65-7EAED11DEC14}
	EndProjectSection
EndProject
Project("{8BC9CEB8-8B4A-11D0-8D11-00A0C91BC942}") = "lmi_wx_test", "wx_test.vcxproj", "{4F54F149-E1F3-5DFE-AF57-C0C99F9C46AA}"
	ProjectSection(ProjectDependencies) = postProject
		{BAFF3465-DEA2-54BF-A9C7-F463CD7EBD23} = {BAFF3465-DEA2-54BF-A9C7-F463CD7EBD23}
		{30BD55A6-C40F-5756-9B7C-52B307C279E3} = {30BD55A6-C40F-5756-9B7C-52B307C279E3}
	EndProjectSection
EndProject
Project("{8BC9CEB8-8B4A-11D0-8D11-00A0C91BC942}") = "product_files", "product_files.vcxproj", "{C5D87DF1-B576-53DB-AE3A-12A3F6E98647}"
EndProject
Project("{8BC9CEB8-8B4A-11D0-8D11-00A0C91BC942}") = "rate_table_test", "rate_table_test.vcxproj", "{3823E1F3-1BDF-4CDB-85D5-D288FBEBD569}"
EndProject
Project("{8BC9CEB8-8B4A-11D0-8D11-00A0C91BC942}") = "group_quote_pdf_gen_test", "group_quote_pdf_gen_test.vcxproj", "{884D7A57-5DF6-4FD6-BDC5-F5FEAEA50CD5}"
	ProjectSection(ProjectDependencies) = postProject
		{BAFF3465-DEA2-54BF-A9C7-F463CD7EBD23} = {BAFF3465-DEA2-54BF-A9C7-F463CD7EBD23}
		{30BD55A6-C40F-5756-9B7C-52B307C279E3} = {30BD55A6-C40F-5756-9B7C-52B307C279E3}
		{811670D3-B094-569A-BF65-7EAED11DEC14} = {811670D3-B094-569A-BF65-7EAED11DEC14}
	EndProjectSection
EndProject
Project("{8BC9CEB8-8B4A-11D0-8D11-00A0C91BC942}") = "ledger_pdf_generator_wx_test", "ledger_pdf_generator_wx_test.vcxproj", "{0099832A-53F4-4C2E-8293-9C023284874D}"
	ProjectSection(ProjectDependencies) = postProject
		{BAFF3465-DEA2-54BF-A9C7-F463CD7EBD23} = {BAFF3465-DEA2-54BF-A9C7-F463CD7EBD23}
		{30BD55A6-C40F-5756-9B7C-52B307C279E3} = {30BD55A6-C40F-5756-9B7C-52B307C279E3}
		{811670D3-B094-569A-BF65-7EAED11DEC14} = {811670D3-B094-569A-BF65-7EAED11DEC14}
	EndProjectSection
EndProject
Project("{8BC9CEB8-8B4A-11D0-8D11-00A0C91BC942}") = "pdfdoc", "..\..\..\mirrors\wxpdfdoc\build\wxpdfdoc.vcxproj", "{811670D3-B094-569A-BF65-7EAED11DEC14}"
EndProject
Project("{8BC9CEB8-8B4A-11D0-8D11-00A0C91BC942}") = "test_coding_rules", "test_coding_rules.vcxproj", "{CBFFFF79-193C-48C9-A5A9-09C67791149B}"
EndProject
Project("{8BC9CEB8-8B4A-11D0-8D11-00A0C91BC942}") = "rate_table_tool", "rate_table_tool.vcxproj", "{6384AC77-7C1D-4240-A607-274D097DF25F}"
EndProject
Global
	GlobalSection(SolutionConfigurationPlatforms) = preSolution
		Debug|Win32 = Debug|Win32
		Debug|x64 = Debug|x64
		Release|Win32 = Release|Win32
		Release|x64 = Release|x64
	EndGlobalSection
	GlobalSection(ProjectConfigurationPlatforms) = postSolution
		{30BD55A6-C40F-5756-9B7C-52B307C279E3}.Debug|Win32.ActiveCfg = Debug|Win32
		{30BD55A6-C40F-5756-9B7C-52B307C279E3}.Debug|Win32.Build.0 = Debug|Win32
		{30BD55A6-C40F-5756-9B7C-52B307C279E3}.Debug|x64.ActiveCfg = Debug|Win32
		{30BD55A6-C40F-5756-9B7C-52B307C279E3}.Release|Win32.ActiveCfg = Release|Win32
		{30BD55A6-C40F-5756-9B7C-52B307C279E3}.Release|Win32.Build.0 = Release|Win32
		{30BD55A6-C40F-5756-9B7C-52B307C279E3}.Release|x64.ActiveCfg = Release|Win32
		{BAFF3465-DEA2-54BF-A9C7-F463CD7EBD23}.Debug|Win32.ActiveCfg = Debug|Win32
		{BAFF3465-DEA2-54BF-A9C7-F463CD7EBD23}.Debug|Win32.Build.0 = Debug|Win32
		{BAFF3465-DEA2-54BF-A9C7-F463CD7EBD23}.Debug|x64.ActiveCfg = Debug|Win32
		{BAFF3465-DEA2-54BF-A9C7-F463CD7EBD23}.Release|Win32.ActiveCfg = Release|Win32
		{BAFF3465-DEA2-54BF-A9C7-F463CD7EBD23}.Release|Win32.Build.0 = Release|Win32
		{BAFF3465-DEA2-54BF-A9C7-F463CD7EBD23}.Release|x64.ActiveCfg = Release|Win32
		{B80F8C54-7B7C-5067-9288-0729FA44BDC3}.Debug|Win32.ActiveCfg = Debug|Win32
		{B80F8C54-7B7C-5067-9288-0729FA44BDC3}.Debug|Win32.Build.0 = Debug|Win32
		{B80F8C54-7B7C-5067-9288-0729FA44BDC3}.Debug|x64.ActiveCfg = Debug|Win32
		{B80F8C54-7B7C-5067-9288-0729FA44BDC3}.Release|Win32.ActiveCfg = Release|Win32
		{B80F8C54-7B7C-5067-9288-0729FA44BDC3}.Release|Win32.Build.0 = Release|Win32
		{B80F8C54-7B7C-5067-9288-0729FA44BDC3}.Release|x64.ActiveCfg = Release|Win32
		{4F54F149-E1F3-5DFE-AF57-C0C99F9C46AA}.Debug|Win32.ActiveCfg = Debug|Win32
		{4F54F149-E1F3-5DFE-AF57-C0C99F9C46AA}.Debug|Win32.Build.0 = Debug|Win32
		{4F54F149-E1F3-5DFE-AF57-C0C99F9C46AA}.Debug|x64.ActiveCfg = Debug|Win32
		{4F54F149-E1F3-5DFE-AF57-C0C99F9C46AA}.Release|Win32.ActiveCfg = Release|Win32
		{4F54F149-E1F3-5DFE-AF57-C0C99F9C46AA}.Release|Win32.Build.0 = Release|Win32
		{4F54F149-E1F3-5DFE-AF57-C0C99F9C46AA}.Release|x64.ActiveCfg = Release|Win32
		{C5D87DF1-B576-53DB-AE3A-12A3F6E98647}.Debug|Win32.ActiveCfg = Debug|Win32
		{C5D87DF1-B576-53DB-AE3A-12A3F6E98647}.Debug|Win32.Build.0 = Debug|Win32
		{C5D87DF1-B576-53DB-AE3A-12A3F6E98647}.Debug|x64.ActiveCfg = Debug|Win32
		{C5D87DF1-B576-53DB-AE3A-12A3F6E98647}.Release|Win32.ActiveCfg = Release|Win32
		{C5D87DF1-B576-53DB-AE3A-12A3F6E98647}.Release|Win32.Build.0 = Release|Win32
		{C5D87DF1-B576-53DB-AE3A-12A3F6E98647}.Release|x64.ActiveCfg = Release|Win32
		{3823E1F3-1BDF-4CDB-85D5-D288FBEBD569}.Debug|Win32.ActiveCfg = Debug|Win32
		{3823E1F3-1BDF-4CDB-85D5-D288FBEBD569}.Debug|Win32.Build.0 = Debug|Win32
		{3823E1F3-1BDF-4CDB-85D5-D288FBEBD569}.Debug|x64.ActiveCfg = Debug|Win32
		{3823E1F3-1BDF-4CDB-85D5-D288FBEBD569}.Release|Win32.ActiveCfg = Release|Win32
		{3823E1F3-1BDF-4CDB-85D5-D288FBEBD569}.Release|Win32.Build.0 = Release|Win32
		{3823E1F3-1BDF-4CDB-85D5-D288FBEBD569}.Release|x64.ActiveCfg = Release|Win32
		{884D7A57-5DF6-4FD6-BDC5-F5FEAEA50CD5}.Debug|Win32.ActiveCfg = Debug|Win32
		{884D7A57-5DF6-4FD6-BDC5-F5FEAEA50CD5}.Debug|Win32.Build.0 = Debug|Win32
		{884D7A57-5DF6-4FD6-BDC5-F5FEAEA50CD5}.Debug|x64.ActiveCfg = Debug|Win32
		{884D7A57-5DF6-4FD6-BDC5-F5FEAEA50CD5}.Release|Win32.ActiveCfg = Release|Win32
		{884D7A57-5DF6-4FD6-BDC5-F5FEAEA50CD5}.Release|Win32.Build.0 = Release|Win32
		{884D7A57-5DF6-4FD6-BDC5-F5FEAEA50CD5}.Release|x64.ActiveCfg = Release|Win32
		{0099832A-53F4-4C2E-8293-9C023284874D}.Debug|Win32.ActiveCfg = Debug|Win32
		{0099832A-53F4-4C2E-8293-9C023284874D}.Debug|Win32.Build.0 = Debug|Win32
		{0099832A-53F4-4C2E-8293-9C023284874D}.Debug|x64.ActiveCfg = Debug|Win32
		{0099832A-53F4-4C2E-8293-9C023284874D}.Release|Win32.ActiveCfg = Release|Win32
		{0099832A-53F4-4C2E-8293-9C023284874D}.Release|Win32.Build.0 = Release|Win32
		{0099832A-53F4-4C2E-8293-9C023284874D}.Release|x64.ActiveCfg = Release|Win32
		{811670D3-B094-569A-BF65-7EAED11DEC14}.Debug|Win32.ActiveCfg = Debug|Win32
		{811670D3-B094-569A-BF65-7EAED11DEC14}.Debug|Win32.Build.0 = Debug|Win32
		{811670D3-B094-569A-BF65-7EAED11DEC14}.Debug|x64.ActiveCfg = Debug|Win32
		{811670D3-B094-569A-BF65-7EAED11DEC14}.Release|Win32.ActiveCfg = Release|Win32
		{811670D3-B094-569A-BF65-7EAED11DEC14}.Release|Win32.Build.0 = Release|Win32
		{811670D3-B094-569A-BF65-7EAED11DEC14}.Release|x64.ActiveCfg = Release|Win32
		{CBFFFF79-193C-48C9-A5A9-09C67791149B}.Debug|Win32.ActiveCfg = Debug|Win32
		{CBFFFF79-193C-48C9-A5A9-09C67791149B}.Debug|Win32.Build.0 = Debug|Win32
		{CBFFFF79-193C-48C9-A5A9-09C67791149B}.Debug|x64.ActiveCfg = Debug|Win32
		{CBFFFF79-193C-48C9-A5A9-09C67791149B}.Release|Win32.ActiveCfg = Release|Win32
		{CBFFFF79-193C-48C9-A5A9-09C67791149B}.Release|Win32.Build.0 = Release|Win32
		{CBFFFF79-193C-48C9-A5A9-09C67791149B}.Release|x64.ActiveCfg = Release|Win32
		{6384AC77-7C1D-4240-A607-274D097DF25F}.Debug|Win32.ActiveCfg = Debug|Win32
		{6384AC77-7C1D-4240-A607-274D097DF25F}.Debug|Win32.Build.0 = Debug|Win32
		{6384AC77-7C1D-4240-A607-274D097DF25F}.Debug|x64.ActiveCfg = Debug|Win32
		{6384AC77-7C1D-4240-A607-274D097DF25F}.Release|Win32.ActiveCfg = Release|Win32
		{6384AC77-7C1D-4240-A607-274D097DF25F}.Release|Win32.Build.0 = Release|Win32
		{6384AC77-7C1D-4240-A607-274D097DF25F}.Release|x64.ActiveCfg = Release|Win32
	EndGlobalSection
	GlobalSection(SolutionProperties) = preSolution
		HideSolutionNode = FALSE
	EndGlobalSection
	GlobalSection(ExtensibilityGlobals) = postSolution
		SolutionGuid = {0A0F95F1-0F68-41BE-AAFD-F5C54C936D73}
	EndGlobalSection
EndGlobal
