<?xml version="1.0" encoding="utf-8"?>
<Project ToolsVersion="4.0" xmlns="http://schemas.microsoft.com/developer/msbuild/2003">
  <ItemGroup>
    <Filter Include="Source Files">
      <UniqueIdentifier>{4FC737F1-C7A5-4376-A066-2A32D752A2FF}</UniqueIdentifier>
      <Extensions>cpp;c;cc;cxx;def;odl;idl;hpj;bat;asm;asmx</Extensions>
    </Filter>
  </ItemGroup>
  <ItemGroup>
    <ClCompile Include="alert_cli.cpp">
      <Filter>Source Files</Filter>
    </ClCompile>
    <ClCompile Include="generate_product_files.cpp">
      <Filter>Source Files</Filter>
    </ClCompile>
    <ClCompile Include="main_common_non_wx.cpp">
      <Filter>Source Files</Filter>
    </ClCompile>
    <ClCompile Include="my_db.cpp">
      <Filter>Source Files</Filter>
    </ClCompile>
    <ClCompile Include="my_fund.cpp">
      <Filter>Source Files</Filter>
    </ClCompile>
    <ClCompile Include="my_prod.cpp">
      <Filter>Source Files</Filter>
    </ClCompile>
    <ClCompile Include="my_rnd.cpp">
      <Filter>Source Files</Filter>
    </ClCompile>
    <ClCompile Include="my_tier.cpp">
      <Filter>Source Files</Filter>
    </ClCompile>
    <ClCompile Include="my_lingo.cpp">
      <Filter>Source Files</Filter>
    </ClCompile>
  </ItemGroup>
</Project>